// !$*UTF8*$!
{
	archiveVersion = 1;
	classes = {
	};
	objectVersion = 46;
	objects = {

/* Begin PBXBuildFile section */
		CCEDF2291D51298200A44CCD /* AppDelegate.swift in Sources */ = {isa = PBXBuildFile; fileRef = CCEDF2281D51298200A44CCD /* AppDelegate.swift */; };
		CCEDF22B1D51298200A44CCD /* ViewController.swift in Sources */ = {isa = PBXBuildFile; fileRef = CCEDF22A1D51298200A44CCD /* ViewController.swift */; };
		CCEDF22E1D51298200A44CCD /* Main.storyboard in Resources */ = {isa = PBXBuildFile; fileRef = CCEDF22C1D51298200A44CCD /* Main.storyboard */; };
		CCEDF2301D51298200A44CCD /* Assets.xcassets in Resources */ = {isa = PBXBuildFile; fileRef = CCEDF22F1D51298200A44CCD /* Assets.xcassets */; };
		CCEDF2331D51298200A44CCD /* LaunchScreen.storyboard in Resources */ = {isa = PBXBuildFile; fileRef = CCEDF2311D51298200A44CCD /* LaunchScreen.storyboard */; };
		CCEDF23E1D51298200A44CCD /* Attempt_4_StartTests.swift in Sources */ = {isa = PBXBuildFile; fileRef = CCEDF23D1D51298200A44CCD /* Attempt_4_StartTests.swift */; };
		CCEDF2491D51298200A44CCD /* Attempt_4_StartUITests.swift in Sources */ = {isa = PBXBuildFile; fileRef = CCEDF2481D51298200A44CCD /* Attempt_4_StartUITests.swift */; };
/* End PBXBuildFile section */

/* Begin PBXContainerItemProxy section */
		CCEDF23A1D51298200A44CCD /* PBXContainerItemProxy */ = {
			isa = PBXContainerItemProxy;
			containerPortal = CCEDF21D1D51298200A44CCD /* Project object */;
			proxyType = 1;
			remoteGlobalIDString = CCEDF2241D51298200A44CCD;
			remoteInfo = "Attempt 4 Start";
		};
		CCEDF2451D51298200A44CCD /* PBXContainerItemProxy */ = {
			isa = PBXContainerItemProxy;
			containerPortal = CCEDF21D1D51298200A44CCD /* Project object */;
			proxyType = 1;
			remoteGlobalIDString = CCEDF2241D51298200A44CCD;
			remoteInfo = "Attempt 4 Start";
		};
/* End PBXContainerItemProxy section */

/* Begin PBXFileReference section */
		CCEDF2251D51298200A44CCD /* Attempt 4 Start.app */ = {isa = PBXFileReference; explicitFileType = wrapper.application; includeInIndex = 0; path = "Attempt 4 Start.app"; sourceTree = BUILT_PRODUCTS_DIR; };
		CCEDF2281D51298200A44CCD /* AppDelegate.swift */ = {isa = PBXFileReference; lastKnownFileType = sourcecode.swift; path = AppDelegate.swift; sourceTree = "<group>"; };
		CCEDF22A1D51298200A44CCD /* ViewController.swift */ = {isa = PBXFileReference; lastKnownFileType = sourcecode.swift; path = ViewController.swift; sourceTree = "<group>"; };
		CCEDF22D1D51298200A44CCD /* Base */ = {isa = PBXFileReference; lastKnownFileType = file.storyboard; name = Base; path = Base.lproj/Main.storyboard; sourceTree = "<group>"; };
		CCEDF22F1D51298200A44CCD /* Assets.xcassets */ = {isa = PBXFileReference; lastKnownFileType = folder.assetcatalog; path = Assets.xcassets; sourceTree = "<group>"; };
		CCEDF2321D51298200A44CCD /* Base */ = {isa = PBXFileReference; lastKnownFileType = file.storyboard; name = Base; path = Base.lproj/LaunchScreen.storyboard; sourceTree = "<group>"; };
		CCEDF2341D51298200A44CCD /* Info.plist */ = {isa = PBXFileReference; lastKnownFileType = text.plist.xml; path = Info.plist; sourceTree = "<group>"; };
		CCEDF2391D51298200A44CCD /* Attempt 4 StartTests.xctest */ = {isa = PBXFileReference; explicitFileType = wrapper.cfbundle; includeInIndex = 0; path = "Attempt 4 StartTests.xctest"; sourceTree = BUILT_PRODUCTS_DIR; };
		CCEDF23D1D51298200A44CCD /* Attempt_4_StartTests.swift */ = {isa = PBXFileReference; lastKnownFileType = sourcecode.swift; path = Attempt_4_StartTests.swift; sourceTree = "<group>"; };
		CCEDF23F1D51298200A44CCD /* Info.plist */ = {isa = PBXFileReference; lastKnownFileType = text.plist.xml; path = Info.plist; sourceTree = "<group>"; };
		CCEDF2441D51298200A44CCD /* Attempt 4 StartUITests.xctest */ = {isa = PBXFileReference; explicitFileType = wrapper.cfbundle; includeInIndex = 0; path = "Attempt 4 StartUITests.xctest"; sourceTree = BUILT_PRODUCTS_DIR; };
		CCEDF2481D51298200A44CCD /* Attempt_4_StartUITests.swift */ = {isa = PBXFileReference; lastKnownFileType = sourcecode.swift; path = Attempt_4_StartUITests.swift; sourceTree = "<group>"; };
		CCEDF24A1D51298200A44CCD /* Info.plist */ = {isa = PBXFileReference; lastKnownFileType = text.plist.xml; path = Info.plist; sourceTree = "<group>"; };
/* End PBXFileReference section */

/* Begin PBXFrameworksBuildPhase section */
		CCEDF2221D51298200A44CCD /* Frameworks */ = {
			isa = PBXFrameworksBuildPhase;
			buildActionMask = 2147483647;
			files = (
			);
			runOnlyForDeploymentPostprocessing = 0;
		};
		CCEDF2361D51298200A44CCD /* Frameworks */ = {
			isa = PBXFrameworksBuildPhase;
			buildActionMask = 2147483647;
			files = (
			);
			runOnlyForDeploymentPostprocessing = 0;
		};
		CCEDF2411D51298200A44CCD /* Frameworks */ = {
			isa = PBXFrameworksBuildPhase;
			buildActionMask = 2147483647;
			files = (
			);
			runOnlyForDeploymentPostprocessing = 0;
		};
/* End PBXFrameworksBuildPhase section */

/* Begin PBXGroup section */
		CCEDF21C1D51298200A44CCD = {
			isa = PBXGroup;
			children = (
				CCEDF2271D51298200A44CCD /* Attempt 4 Start */,
				CCEDF23C1D51298200A44CCD /* Attempt 4 StartTests */,
				CCEDF2471D51298200A44CCD /* Attempt 4 StartUITests */,
				CCEDF2261D51298200A44CCD /* Products */,
			);
			sourceTree = "<group>";
		};
		CCEDF2261D51298200A44CCD /* Products */ = {
			isa = PBXGroup;
			children = (
				CCEDF2251D51298200A44CCD /* Attempt 4 Start.app */,
				CCEDF2391D51298200A44CCD /* Attempt 4 StartTests.xctest */,
				CCEDF2441D51298200A44CCD /* Attempt 4 StartUITests.xctest */,
			);
			name = Products;
			sourceTree = "<group>";
		};
		CCEDF2271D51298200A44CCD /* Attempt 4 Start */ = {
			isa = PBXGroup;
			children = (
				CCEDF2281D51298200A44CCD /* AppDelegate.swift */,
				CCEDF22A1D51298200A44CCD /* ViewController.swift */,
				CCEDF22C1D51298200A44CCD /* Main.storyboard */,
				CCEDF22F1D51298200A44CCD /* Assets.xcassets */,
				CCEDF2311D51298200A44CCD /* LaunchScreen.storyboard */,
				CCEDF2341D51298200A44CCD /* Info.plist */,
			);
			path = "Attempt 4 Start";
			sourceTree = "<group>";
		};
		CCEDF23C1D51298200A44CCD /* Attempt 4 StartTests */ = {
			isa = PBXGroup;
			children = (
				CCEDF23D1D51298200A44CCD /* Attempt_4_StartTests.swift */,
				CCEDF23F1D51298200A44CCD /* Info.plist */,
			);
			path = "Attempt 4 StartTests";
			sourceTree = "<group>";
		};
		CCEDF2471D51298200A44CCD /* Attempt 4 StartUITests */ = {
			isa = PBXGroup;
			children = (
				CCEDF2481D51298200A44CCD /* Attempt_4_StartUITests.swift */,
				CCEDF24A1D51298200A44CCD /* Info.plist */,
			);
			path = "Attempt 4 StartUITests";
			sourceTree = "<group>";
		};
/* End PBXGroup section */

/* Begin PBXNativeTarget section */
		CCEDF2241D51298200A44CCD /* Attempt 4 Start */ = {
			isa = PBXNativeTarget;
			buildConfigurationList = CCEDF24D1D51298200A44CCD /* Build configuration list for PBXNativeTarget "Attempt 4 Start" */;
			buildPhases = (
				CCEDF2211D51298200A44CCD /* Sources */,
				CCEDF2221D51298200A44CCD /* Frameworks */,
				CCEDF2231D51298200A44CCD /* Resources */,
			);
			buildRules = (
			);
			dependencies = (
			);
			name = "Attempt 4 Start";
			productName = "Attempt 4 Start";
			productReference = CCEDF2251D51298200A44CCD /* Attempt 4 Start.app */;
			productType = "com.apple.product-type.application";
		};
		CCEDF2381D51298200A44CCD /* Attempt 4 StartTests */ = {
			isa = PBXNativeTarget;
			buildConfigurationList = CCEDF2501D51298200A44CCD /* Build configuration list for PBXNativeTarget "Attempt 4 StartTests" */;
			buildPhases = (
				CCEDF2351D51298200A44CCD /* Sources */,
				CCEDF2361D51298200A44CCD /* Frameworks */,
				CCEDF2371D51298200A44CCD /* Resources */,
			);
			buildRules = (
			);
			dependencies = (
				CCEDF23B1D51298200A44CCD /* PBXTargetDependency */,
			);
			name = "Attempt 4 StartTests";
			productName = "Attempt 4 StartTests";
			productReference = CCEDF2391D51298200A44CCD /* Attempt 4 StartTests.xctest */;
			productType = "com.apple.product-type.bundle.unit-test";
		};
		CCEDF2431D51298200A44CCD /* Attempt 4 StartUITests */ = {
			isa = PBXNativeTarget;
			buildConfigurationList = CCEDF2531D51298200A44CCD /* Build configuration list for PBXNativeTarget "Attempt 4 StartUITests" */;
			buildPhases = (
				CCEDF2401D51298200A44CCD /* Sources */,
				CCEDF2411D51298200A44CCD /* Frameworks */,
				CCEDF2421D51298200A44CCD /* Resources */,
			);
			buildRules = (
			);
			dependencies = (
				CCEDF2461D51298200A44CCD /* PBXTargetDependency */,
			);
			name = "Attempt 4 StartUITests";
			productName = "Attempt 4 StartUITests";
			productReference = CCEDF2441D51298200A44CCD /* Attempt 4 StartUITests.xctest */;
			productType = "com.apple.product-type.bundle.ui-testing";
		};
/* End PBXNativeTarget section */

/* Begin PBXProject section */
		CCEDF21D1D51298200A44CCD /* Project object */ = {
			isa = PBXProject;
			attributes = {
				LastSwiftUpdateCheck = 0730;
				LastUpgradeCheck = 0730;
				ORGANIZATIONNAME = "Girls Who Code";
				TargetAttributes = {
					CCEDF2241D51298200A44CCD = {
						CreatedOnToolsVersion = 7.3.1;
					};
					CCEDF2381D51298200A44CCD = {
						CreatedOnToolsVersion = 7.3.1;
						TestTargetID = CCEDF2241D51298200A44CCD;
					};
					CCEDF2431D51298200A44CCD = {
						CreatedOnToolsVersion = 7.3.1;
						TestTargetID = CCEDF2241D51298200A44CCD;
					};
				};
			};
			buildConfigurationList = CCEDF2201D51298200A44CCD /* Build configuration list for PBXProject "Attempt 4 Start" */;
			compatibilityVersion = "Xcode 3.2";
			developmentRegion = English;
			hasScannedForEncodings = 0;
			knownRegions = (
				en,
				Base,
			);
			mainGroup = CCEDF21C1D51298200A44CCD;
			productRefGroup = CCEDF2261D51298200A44CCD /* Products */;
			projectDirPath = "";
			projectRoot = "";
			targets = (
				CCEDF2241D51298200A44CCD /* Attempt 4 Start */,
				CCEDF2381D51298200A44CCD /* Attempt 4 StartTests */,
				CCEDF2431D51298200A44CCD /* Attempt 4 StartUITests */,
			);
		};
/* End PBXProject section */

/* Begin PBXResourcesBuildPhase section */
		CCEDF2231D51298200A44CCD /* Resources */ = {
			isa = PBXResourcesBuildPhase;
			buildActionMask = 2147483647;
			files = (
				CCEDF2331D51298200A44CCD /* LaunchScreen.storyboard in Resources */,
				CCEDF2301D51298200A44CCD /* Assets.xcassets in Resources */,
				CCEDF22E1D51298200A44CCD /* Main.storyboard in Resources */,
			);
			runOnlyForDeploymentPostprocessing = 0;
		};
		CCEDF2371D51298200A44CCD /* Resources */ = {
			isa = PBXResourcesBuildPhase;
			buildActionMask = 2147483647;
			files = (
			);
			runOnlyForDeploymentPostprocessing = 0;
		};
		CCEDF2421D51298200A44CCD /* Resources */ = {
			isa = PBXResourcesBuildPhase;
			buildActionMask = 2147483647;
			files = (
			);
			runOnlyForDeploymentPostprocessing = 0;
		};
/* End PBXResourcesBuildPhase section */

/* Begin PBXSourcesBuildPhase section */
		CCEDF2211D51298200A44CCD /* Sources */ = {
			isa = PBXSourcesBuildPhase;
			buildActionMask = 2147483647;
			files = (
				CCEDF22B1D51298200A44CCD /* ViewController.swift in Sources */,
				CCEDF2291D51298200A44CCD /* AppDelegate.swift in Sources */,
			);
			runOnlyForDeploymentPostprocessing = 0;
		};
		CCEDF2351D51298200A44CCD /* Sources */ = {
			isa = PBXSourcesBuildPhase;
			buildActionMask = 2147483647;
			files = (
				CCEDF23E1D51298200A44CCD /* Attempt_4_StartTests.swift in Sources */,
			);
			runOnlyForDeploymentPostprocessing = 0;
		};
		CCEDF2401D51298200A44CCD /* Sources */ = {
			isa = PBXSourcesBuildPhase;
			buildActionMask = 2147483647;
			files = (
				CCEDF2491D51298200A44CCD /* Attempt_4_StartUITests.swift in Sources */,
			);
			runOnlyForDeploymentPostprocessing = 0;
		};
/* End PBXSourcesBuildPhase section */

/* Begin PBXTargetDependency section */
		CCEDF23B1D51298200A44CCD /* PBXTargetDependency */ = {
			isa = PBXTargetDependency;
			target = CCEDF2241D51298200A44CCD /* Attempt 4 Start */;
			targetProxy = CCEDF23A1D51298200A44CCD /* PBXContainerItemProxy */;
		};
		CCEDF2461D51298200A44CCD /* PBXTargetDependency */ = {
			isa = PBXTargetDependency;
			target = CCEDF2241D51298200A44CCD /* Attempt 4 Start */;
			targetProxy = CCEDF2451D51298200A44CCD /* PBXContainerItemProxy */;
		};
/* End PBXTargetDependency section */

/* Begin PBXVariantGroup section */
		CCEDF22C1D51298200A44CCD /* Main.storyboard */ = {
			isa = PBXVariantGroup;
			children = (
				CCEDF22D1D51298200A44CCD /* Base */,
			);
			name = Main.storyboard;
			sourceTree = "<group>";
		};
		CCEDF2311D51298200A44CCD /* LaunchScreen.storyboard */ = {
			isa = PBXVariantGroup;
			children = (
				CCEDF2321D51298200A44CCD /* Base */,
			);
			name = LaunchScreen.storyboard;
			sourceTree = "<group>";
		};
/* End PBXVariantGroup section */

/* Begin XCBuildConfiguration section */
		CCEDF24B1D51298200A44CCD /* Debug */ = {
			isa = XCBuildConfiguration;
			buildSettings = {
				ALWAYS_SEARCH_USER_PATHS = NO;
				CLANG_ANALYZER_NONNULL = YES;
				CLANG_CXX_LANGUAGE_STANDARD = "gnu++0x";
				CLANG_CXX_LIBRARY = "libc++";
				CLANG_ENABLE_MODULES = YES;
				CLANG_ENABLE_OBJC_ARC = YES;
				CLANG_WARN_BOOL_CONVERSION = YES;
				CLANG_WARN_CONSTANT_CONVERSION = YES;
				CLANG_WARN_DIRECT_OBJC_ISA_USAGE = YES_ERROR;
				CLANG_WARN_EMPTY_BODY = YES;
				CLANG_WARN_ENUM_CONVERSION = YES;
				CLANG_WARN_INT_CONVERSION = YES;
				CLANG_WARN_OBJC_ROOT_CLASS = YES_ERROR;
				CLANG_WARN_UNREACHABLE_CODE = YES;
				CLANG_WARN__DUPLICATE_METHOD_MATCH = YES;
				"CODE_SIGN_IDENTITY[sdk=iphoneos*]" = "iPhone Developer";
				COPY_PHASE_STRIP = NO;
				DEBUG_INFORMATION_FORMAT = dwarf;
				ENABLE_STRICT_OBJC_MSGSEND = YES;
				ENABLE_TESTABILITY = YES;
				GCC_C_LANGUAGE_STANDARD = gnu99;
				GCC_DYNAMIC_NO_PIC = NO;
				GCC_NO_COMMON_BLOCKS = YES;
				GCC_OPTIMIZATION_LEVEL = 0;
				GCC_PREPROCESSOR_DEFINITIONS = (
					"DEBUG=1",
					"$(inherited)",
				);
				GCC_WARN_64_TO_32_BIT_CONVERSION = YES;
				GCC_WARN_ABOUT_RETURN_TYPE = YES_ERROR;
				GCC_WARN_UNDECLARED_SELECTOR = YES;
				GCC_WARN_UNINITIALIZED_AUTOS = YES_AGGRESSIVE;
				GCC_WARN_UNUSED_FUNCTION = YES;
				GCC_WARN_UNUSED_VARIABLE = YES;
				IPHONEOS_DEPLOYMENT_TARGET = 9.3;
				MTL_ENABLE_DEBUG_INFO = YES;
				ONLY_ACTIVE_ARCH = YES;
				SDKROOT = iphoneos;
				SWIFT_OPTIMIZATION_LEVEL = "-Onone";
				TARGETED_DEVICE_FAMILY = "1,2";
			};
			name = Debug;
		};
		CCEDF24C1D51298200A44CCD /* Release */ = {
			isa = XCBuildConfiguration;
			buildSettings = {
				ALWAYS_SEARCH_USER_PATHS = NO;
				CLANG_ANALYZER_NONNULL = YES;
				CLANG_CXX_LANGUAGE_STANDARD = "gnu++0x";
				CLANG_CXX_LIBRARY = "libc++";
				CLANG_ENABLE_MODULES = YES;
				CLANG_ENABLE_OBJC_ARC = YES;
				CLANG_WARN_BOOL_CONVERSION = YES;
				CLANG_WARN_CONSTANT_CONVERSION = YES;
				CLANG_WARN_DIRECT_OBJC_ISA_USAGE = YES_ERROR;
				CLANG_WARN_EMPTY_BODY = YES;
				CLANG_WARN_ENUM_CONVERSION = YES;
				CLANG_WARN_INT_CONVERSION = YES;
				CLANG_WARN_OBJC_ROOT_CLASS = YES_ERROR;
				CLANG_WARN_UNREACHABLE_CODE = YES;
				CLANG_WARN__DUPLICATE_METHOD_MATCH = YES;
				"CODE_SIGN_IDENTITY[sdk=iphoneos*]" = "iPhone Developer";
				COPY_PHASE_STRIP = NO;
				DEBUG_INFORMATION_FORMAT = "dwarf-with-dsym";
				ENABLE_NS_ASSERTIONS = NO;
				ENABLE_STRICT_OBJC_MSGSEND = YES;
				GCC_C_LANGUAGE_STANDARD = gnu99;
				GCC_NO_COMMON_BLOCKS = YES;
				GCC_WARN_64_TO_32_BIT_CONVERSION = YES;
				GCC_WARN_ABOUT_RETURN_TYPE = YES_ERROR;
				GCC_WARN_UNDECLARED_SELECTOR = YES;
				GCC_WARN_UNINITIALIZED_AUTOS = YES_AGGRESSIVE;
				GCC_WARN_UNUSED_FUNCTION = YES;
				GCC_WARN_UNUSED_VARIABLE = YES;
				IPHONEOS_DEPLOYMENT_TARGET = 9.3;
				MTL_ENABLE_DEBUG_INFO = NO;
				SDKROOT = iphoneos;
				TARGETED_DEVICE_FAMILY = "1,2";
				VALIDATE_PRODUCT = YES;
			};
			name = Release;
		};
		CCEDF24E1D51298200A44CCD /* Debug */ = {
			isa = XCBuildConfiguration;
			buildSettings = {
				ASSETCATALOG_COMPILER_APPICON_NAME = AppIcon;
				INFOPLIST_FILE = "Attempt 4 Start/Info.plist";
				LD_RUNPATH_SEARCH_PATHS = "$(inherited) @executable_path/Frameworks";
				PRODUCT_BUNDLE_IDENTIFIER = "Twitter.Attempt-4-Start";
				PRODUCT_NAME = "$(TARGET_NAME)";
			};
			name = Debug;
		};
		CCEDF24F1D51298200A44CCD /* Release */ = {
			isa = XCBuildConfiguration;
			buildSettings = {
				ASSETCATALOG_COMPILER_APPICON_NAME = AppIcon;
				INFOPLIST_FILE = "Attempt 4 Start/Info.plist";
				LD_RUNPATH_SEARCH_PATHS = "$(inherited) @executable_path/Frameworks";
				PRODUCT_BUNDLE_IDENTIFIER = "Twitter.Attempt-4-Start";
				PRODUCT_NAME = "$(TARGET_NAME)";
			};
			name = Release;
		};
		CCEDF2511D51298200A44CCD /* Debug */ = {
			isa = XCBuildConfiguration;
			buildSettings = {
				BUNDLE_LOADER = "$(TEST_HOST)";
				INFOPLIST_FILE = "Attempt 4 StartTests/Info.plist";
				LD_RUNPATH_SEARCH_PATHS = "$(inherited) @executable_path/Frameworks @loader_path/Frameworks";
				PRODUCT_BUNDLE_IDENTIFIER = "Twitter.Attempt-4-StartTests";
				PRODUCT_NAME = "$(TARGET_NAME)";
				TEST_HOST = "$(BUILT_PRODUCTS_DIR)/Attempt 4 Start.app/Attempt 4 Start";
			};
			name = Debug;
		};
		CCEDF2521D51298200A44CCD /* Release */ = {
			isa = XCBuildConfiguration;
			buildSettings = {
				BUNDLE_LOADER = "$(TEST_HOST)";
				INFOPLIST_FILE = "Attempt 4 StartTests/Info.plist";
				LD_RUNPATH_SEARCH_PATHS = "$(inherited) @executable_path/Frameworks @loader_path/Frameworks";
				PRODUCT_BUNDLE_IDENTIFIER = "Twitter.Attempt-4-StartTests";
				PRODUCT_NAME = "$(TARGET_NAME)";
				TEST_HOST = "$(BUILT_PRODUCTS_DIR)/Attempt 4 Start.app/Attempt 4 Start";
			};
			name = Release;
		};
		CCEDF2541D51298200A44CCD /* Debug */ = {
			isa = XCBuildConfiguration;
			buildSettings = {
				INFOPLIST_FILE = "Attempt 4 StartUITests/Info.plist";
				LD_RUNPATH_SEARCH_PATHS = "$(inherited) @executable_path/Frameworks @loader_path/Frameworks";
				PRODUCT_BUNDLE_IDENTIFIER = "Twitter.Attempt-4-StartUITests";
				PRODUCT_NAME = "$(TARGET_NAME)";
				TEST_TARGET_NAME = "Attempt 4 Start";
			};
			name = Debug;
		};
		CCEDF2551D51298200A44CCD /* Release */ = {
			isa = XCBuildConfiguration;
			buildSettings = {
				INFOPLIST_FILE = "Attempt 4 StartUITests/Info.plist";
				LD_RUNPATH_SEARCH_PATHS = "$(inherited) @executable_path/Frameworks @loader_path/Frameworks";
				PRODUCT_BUNDLE_IDENTIFIER = "Twitter.Attempt-4-StartUITests";
				PRODUCT_NAME = "$(TARGET_NAME)";
				TEST_TARGET_NAME = "Attempt 4 Start";
			};
			name = Release;
		};
/* End XCBuildConfiguration section */

/* Begin XCConfigurationList section */
		CCEDF2201D51298200A44CCD /* Build configuration list for PBXProject "Attempt 4 Start" */ = {
			isa = XCConfigurationList;
			buildConfigurations = (
				CCEDF24B1D51298200A44CCD /* Debug */,
				CCEDF24C1D51298200A44CCD /* Release */,
			);
			defaultConfigurationIsVisible = 0;
			defaultConfigurationName = Release;
		};
		CCEDF24D1D51298200A44CCD /* Build configuration list for PBXNativeTarget "Attempt 4 Start" */ = {
			isa = XCConfigurationList;
			buildConfigurations = (
				CCEDF24E1D51298200A44CCD /* Debug */,
				CCEDF24F1D51298200A44CCD /* Release */,
			);
			defaultConfigurationIsVisible = 0;
		};
		CCEDF2501D51298200A44CCD /* Build configuration list for PBXNativeTarget "Attempt 4 StartTests" */ = {
			isa = XCConfigurationList;
			buildConfigurations = (
				CCEDF2511D51298200A44CCD /* Debug */,
				CCEDF2521D51298200A44CCD /* Release */,
			);
			defaultConfigurationIsVisible = 0;
		};
		CCEDF2531D51298200A44CCD /* Build configuration list for PBXNativeTarget "Attempt 4 StartUITests" */ = {
			isa = XCConfigurationList;
			buildConfigurations = (
				CCEDF2541D51298200A44CCD /* Debug */,
				CCEDF2551D51298200A44CCD /* Release */,
			);
			defaultConfigurationIsVisible = 0;
		};
/* End XCConfigurationList section */
	};
	rootObject = CCEDF21D1D51298200A44CCD /* Project object */;
}
