// !$*UTF8*$!
{
	archiveVersion = 1;
	classes = {
	};
	objectVersion = 46;
	objects = {

/* Begin PBXBuildFile section */
		CCC2ADBE1D53ABAC00740559 /* AppDelegate.swift in Sources */ = {isa = PBXBuildFile; fileRef = CCC2ADBD1D53ABAC00740559 /* AppDelegate.swift */; };
		CCC2ADC21D53ABAC00740559 /* GameScene.swift in Sources */ = {isa = PBXBuildFile; fileRef = CCC2ADC11D53ABAC00740559 /* GameScene.swift */; };
		CCC2ADC41D53ABAC00740559 /* GameViewController.swift in Sources */ = {isa = PBXBuildFile; fileRef = CCC2ADC31D53ABAC00740559 /* GameViewController.swift */; };
		CCC2ADC71D53ABAC00740559 /* Main.storyboard in Resources */ = {isa = PBXBuildFile; fileRef = CCC2ADC51D53ABAC00740559 /* Main.storyboard */; };
		CCC2ADC91D53ABAC00740559 /* Assets.xcassets in Resources */ = {isa = PBXBuildFile; fileRef = CCC2ADC81D53ABAC00740559 /* Assets.xcassets */; };
		CCC2ADCC1D53ABAC00740559 /* LaunchScreen.storyboard in Resources */ = {isa = PBXBuildFile; fileRef = CCC2ADCA1D53ABAC00740559 /* LaunchScreen.storyboard */; };
		CCC2ADD71D53ABAC00740559 /* Master_Project___RoardashTests.swift in Sources */ = {isa = PBXBuildFile; fileRef = CCC2ADD61D53ABAC00740559 /* Master_Project___RoardashTests.swift */; };
		CCC2ADE21D53ABAC00740559 /* Master_Project___RoardashUITests.swift in Sources */ = {isa = PBXBuildFile; fileRef = CCC2ADE11D53ABAC00740559 /* Master_Project___RoardashUITests.swift */; };
		CCC2ADF01D53ACA200740559 /* ViewController.swift in Sources */ = {isa = PBXBuildFile; fileRef = CCC2ADEF1D53ACA200740559 /* ViewController.swift */; };
		CCE0C0F41D53B95A000E2943 /* lion_icon.png in Resources */ = {isa = PBXBuildFile; fileRef = CCE0C0F31D53B95A000E2943 /* lion_icon.png */; };
		CCE0C0F61D53B960000E2943 /* user_icon.png in Resources */ = {isa = PBXBuildFile; fileRef = CCE0C0F51D53B960000E2943 /* user_icon.png */; };
/* End PBXBuildFile section */

/* Begin PBXContainerItemProxy section */
		CCC2ADD31D53ABAC00740559 /* PBXContainerItemProxy */ = {
			isa = PBXContainerItemProxy;
			containerPortal = CCC2ADB21D53ABAC00740559 /* Project object */;
			proxyType = 1;
			remoteGlobalIDString = CCC2ADB91D53ABAC00740559;
			remoteInfo = "Master Project - Roardash";
		};
		CCC2ADDE1D53ABAC00740559 /* PBXContainerItemProxy */ = {
			isa = PBXContainerItemProxy;
			containerPortal = CCC2ADB21D53ABAC00740559 /* Project object */;
			proxyType = 1;
			remoteGlobalIDString = CCC2ADB91D53ABAC00740559;
			remoteInfo = "Master Project - Roardash";
		};
/* End PBXContainerItemProxy section */

/* Begin PBXFileReference section */
		CCC2ADBA1D53ABAC00740559 /* Master Project - Roardash.app */ = {isa = PBXFileReference; explicitFileType = wrapper.application; includeInIndex = 0; path = "Master Project - Roardash.app"; sourceTree = BUILT_PRODUCTS_DIR; };
		CCC2ADBD1D53ABAC00740559 /* AppDelegate.swift */ = {isa = PBXFileReference; lastKnownFileType = sourcecode.swift; path = AppDelegate.swift; sourceTree = "<group>"; };
		CCC2ADC11D53ABAC00740559 /* GameScene.swift */ = {isa = PBXFileReference; lastKnownFileType = sourcecode.swift; path = GameScene.swift; sourceTree = "<group>"; };
		CCC2ADC31D53ABAC00740559 /* GameViewController.swift */ = {isa = PBXFileReference; lastKnownFileType = sourcecode.swift; path = GameViewController.swift; sourceTree = "<group>"; };
		CCC2ADC61D53ABAC00740559 /* Base */ = {isa = PBXFileReference; lastKnownFileType = file.storyboard; name = Base; path = Base.lproj/Main.storyboard; sourceTree = "<group>"; };
		CCC2ADC81D53ABAC00740559 /* Assets.xcassets */ = {isa = PBXFileReference; lastKnownFileType = folder.assetcatalog; path = Assets.xcassets; sourceTree = "<group>"; };
		CCC2ADCB1D53ABAC00740559 /* Base */ = {isa = PBXFileReference; lastKnownFileType = file.storyboard; name = Base; path = Base.lproj/LaunchScreen.storyboard; sourceTree = "<group>"; };
		CCC2ADCD1D53ABAC00740559 /* Info.plist */ = {isa = PBXFileReference; lastKnownFileType = text.plist.xml; path = Info.plist; sourceTree = "<group>"; };
		CCC2ADD21D53ABAC00740559 /* Master Project - RoardashTests.xctest */ = {isa = PBXFileReference; explicitFileType = wrapper.cfbundle; includeInIndex = 0; path = "Master Project - RoardashTests.xctest"; sourceTree = BUILT_PRODUCTS_DIR; };
		CCC2ADD61D53ABAC00740559 /* Master_Project___RoardashTests.swift */ = {isa = PBXFileReference; lastKnownFileType = sourcecode.swift; path = "Master_Project___RoardashTests.swift"; sourceTree = "<group>"; };
		CCC2ADD81D53ABAC00740559 /* Info.plist */ = {isa = PBXFileReference; lastKnownFileType = text.plist.xml; path = Info.plist; sourceTree = "<group>"; };
		CCC2ADDD1D53ABAC00740559 /* Master Project - RoardashUITests.xctest */ = {isa = PBXFileReference; explicitFileType = wrapper.cfbundle; includeInIndex = 0; path = "Master Project - RoardashUITests.xctest"; sourceTree = BUILT_PRODUCTS_DIR; };
		CCC2ADE11D53ABAC00740559 /* Master_Project___RoardashUITests.swift */ = {isa = PBXFileReference; lastKnownFileType = sourcecode.swift; path = "Master_Project___RoardashUITests.swift"; sourceTree = "<group>"; };
		CCC2ADE31D53ABAC00740559 /* Info.plist */ = {isa = PBXFileReference; lastKnownFileType = text.plist.xml; path = Info.plist; sourceTree = "<group>"; };
		CCC2ADEF1D53ACA200740559 /* ViewController.swift */ = {isa = PBXFileReference; fileEncoding = 4; lastKnownFileType = sourcecode.swift; path = ViewController.swift; sourceTree = "<group>"; };
		CCE0C0F31D53B95A000E2943 /* lion_icon.png */ = {isa = PBXFileReference; lastKnownFileType = image.png; path = lion_icon.png; sourceTree = "<group>"; };
		CCE0C0F51D53B960000E2943 /* user_icon.png */ = {isa = PBXFileReference; lastKnownFileType = image.png; path = user_icon.png; sourceTree = "<group>"; };
/* End PBXFileReference section */

/* Begin PBXFrameworksBuildPhase section */
		CCC2ADB71D53ABAC00740559 /* Frameworks */ = {
			isa = PBXFrameworksBuildPhase;
			buildActionMask = 2147483647;
			files = (
			);
			runOnlyForDeploymentPostprocessing = 0;
		};
		CCC2ADCF1D53ABAC00740559 /* Frameworks */ = {
			isa = PBXFrameworksBuildPhase;
			buildActionMask = 2147483647;
			files = (
			);
			runOnlyForDeploymentPostprocessing = 0;
		};
		CCC2ADDA1D53ABAC00740559 /* Frameworks */ = {
			isa = PBXFrameworksBuildPhase;
			buildActionMask = 2147483647;
			files = (
			);
			runOnlyForDeploymentPostprocessing = 0;
		};
/* End PBXFrameworksBuildPhase section */

/* Begin PBXGroup section */
		CCC2ADB11D53ABAC00740559 = {
			isa = PBXGroup;
			children = (
				CCC2ADBC1D53ABAC00740559 /* Master Project - Roardash */,
				CCC2ADD51D53ABAC00740559 /* Master Project - RoardashTests */,
				CCC2ADE01D53ABAC00740559 /* Master Project - RoardashUITests */,
				CCC2ADBB1D53ABAC00740559 /* Products */,
			);
			sourceTree = "<group>";
		};
		CCC2ADBB1D53ABAC00740559 /* Products */ = {
			isa = PBXGroup;
			children = (
				CCC2ADBA1D53ABAC00740559 /* Master Project - Roardash.app */,
				CCC2ADD21D53ABAC00740559 /* Master Project - RoardashTests.xctest */,
				CCC2ADDD1D53ABAC00740559 /* Master Project - RoardashUITests.xctest */,
			);
			name = Products;
			sourceTree = "<group>";
		};
		CCC2ADBC1D53ABAC00740559 /* Master Project - Roardash */ = {
			isa = PBXGroup;
			children = (
				CCC2ADEF1D53ACA200740559 /* ViewController.swift */,
				CCC2ADBD1D53ABAC00740559 /* AppDelegate.swift */,
				CCC2ADC11D53ABAC00740559 /* GameScene.swift */,
				CCC2ADC31D53ABAC00740559 /* GameViewController.swift */,
				CCC2ADC51D53ABAC00740559 /* Main.storyboard */,
				CCC2ADC81D53ABAC00740559 /* Assets.xcassets */,
				CCE0C0F31D53B95A000E2943 /* lion_icon.png */,
				CCE0C0F51D53B960000E2943 /* user_icon.png */,
				CCC2ADCA1D53ABAC00740559 /* LaunchScreen.storyboard */,
				CCC2ADCD1D53ABAC00740559 /* Info.plist */,
			);
			path = "Master Project - Roardash";
			sourceTree = "<group>";
		};
		CCC2ADD51D53ABAC00740559 /* Master Project - RoardashTests */ = {
			isa = PBXGroup;
			children = (
				CCC2ADD61D53ABAC00740559 /* Master_Project___RoardashTests.swift */,
				CCC2ADD81D53ABAC00740559 /* Info.plist */,
			);
			path = "Master Project - RoardashTests";
			sourceTree = "<group>";
		};
		CCC2ADE01D53ABAC00740559 /* Master Project - RoardashUITests */ = {
			isa = PBXGroup;
			children = (
				CCC2ADE11D53ABAC00740559 /* Master_Project___RoardashUITests.swift */,
				CCC2ADE31D53ABAC00740559 /* Info.plist */,
			);
			path = "Master Project - RoardashUITests";
			sourceTree = "<group>";
		};
/* End PBXGroup section */

/* Begin PBXNativeTarget section */
		CCC2ADB91D53ABAC00740559 /* Master Project - Roardash */ = {
			isa = PBXNativeTarget;
			buildConfigurationList = CCC2ADE61D53ABAC00740559 /* Build configuration list for PBXNativeTarget "Master Project - Roardash" */;
			buildPhases = (
				CCC2ADB61D53ABAC00740559 /* Sources */,
				CCC2ADB71D53ABAC00740559 /* Frameworks */,
				CCC2ADB81D53ABAC00740559 /* Resources */,
			);
			buildRules = (
			);
			dependencies = (
			);
			name = "Master Project - Roardash";
			productName = "Master Project - Roardash";
			productReference = CCC2ADBA1D53ABAC00740559 /* Master Project - Roardash.app */;
			productType = "com.apple.product-type.application";
		};
		CCC2ADD11D53ABAC00740559 /* Master Project - RoardashTests */ = {
			isa = PBXNativeTarget;
			buildConfigurationList = CCC2ADE91D53ABAC00740559 /* Build configuration list for PBXNativeTarget "Master Project - RoardashTests" */;
			buildPhases = (
				CCC2ADCE1D53ABAC00740559 /* Sources */,
				CCC2ADCF1D53ABAC00740559 /* Frameworks */,
				CCC2ADD01D53ABAC00740559 /* Resources */,
			);
			buildRules = (
			);
			dependencies = (
				CCC2ADD41D53ABAC00740559 /* PBXTargetDependency */,
			);
			name = "Master Project - RoardashTests";
			productName = "Master Project - RoardashTests";
			productReference = CCC2ADD21D53ABAC00740559 /* Master Project - RoardashTests.xctest */;
			productType = "com.apple.product-type.bundle.unit-test";
		};
		CCC2ADDC1D53ABAC00740559 /* Master Project - RoardashUITests */ = {
			isa = PBXNativeTarget;
			buildConfigurationList = CCC2ADEC1D53ABAC00740559 /* Build configuration list for PBXNativeTarget "Master Project - RoardashUITests" */;
			buildPhases = (
				CCC2ADD91D53ABAC00740559 /* Sources */,
				CCC2ADDA1D53ABAC00740559 /* Frameworks */,
				CCC2ADDB1D53ABAC00740559 /* Resources */,
			);
			buildRules = (
			);
			dependencies = (
				CCC2ADDF1D53ABAC00740559 /* PBXTargetDependency */,
			);
			name = "Master Project - RoardashUITests";
			productName = "Master Project - RoardashUITests";
			productReference = CCC2ADDD1D53ABAC00740559 /* Master Project - RoardashUITests.xctest */;
			productType = "com.apple.product-type.bundle.ui-testing";
		};
/* End PBXNativeTarget section */

/* Begin PBXProject section */
		CCC2ADB21D53ABAC00740559 /* Project object */ = {
			isa = PBXProject;
			attributes = {
				LastSwiftUpdateCheck = 0730;
				LastUpgradeCheck = 0730;
				ORGANIZATIONNAME = "Girls Who Code";
				TargetAttributes = {
					CCC2ADB91D53ABAC00740559 = {
						CreatedOnToolsVersion = 7.3.1;
					};
					CCC2ADD11D53ABAC00740559 = {
						CreatedOnToolsVersion = 7.3.1;
						TestTargetID = CCC2ADB91D53ABAC00740559;
					};
					CCC2ADDC1D53ABAC00740559 = {
						CreatedOnToolsVersion = 7.3.1;
						TestTargetID = CCC2ADB91D53ABAC00740559;
					};
				};
			};
			buildConfigurationList = CCC2ADB51D53ABAC00740559 /* Build configuration list for PBXProject "Master Project - Roardash" */;
			compatibilityVersion = "Xcode 3.2";
			developmentRegion = English;
			hasScannedForEncodings = 0;
			knownRegions = (
				en,
				Base,
			);
			mainGroup = CCC2ADB11D53ABAC00740559;
			productRefGroup = CCC2ADBB1D53ABAC00740559 /* Products */;
			projectDirPath = "";
			projectRoot = "";
			targets = (
				CCC2ADB91D53ABAC00740559 /* Master Project - Roardash */,
				CCC2ADD11D53ABAC00740559 /* Master Project - RoardashTests */,
				CCC2ADDC1D53ABAC00740559 /* Master Project - RoardashUITests */,
			);
		};
/* End PBXProject section */

/* Begin PBXResourcesBuildPhase section */
		CCC2ADB81D53ABAC00740559 /* Resources */ = {
			isa = PBXResourcesBuildPhase;
			buildActionMask = 2147483647;
			files = (
				CCC2ADCC1D53ABAC00740559 /* LaunchScreen.storyboard in Resources */,
				CCC2ADC91D53ABAC00740559 /* Assets.xcassets in Resources */,
				CCE0C0F41D53B95A000E2943 /* lion_icon.png in Resources */,
				CCC2ADC71D53ABAC00740559 /* Main.storyboard in Resources */,
				CCE0C0F61D53B960000E2943 /* user_icon.png in Resources */,
			);
			runOnlyForDeploymentPostprocessing = 0;
		};
		CCC2ADD01D53ABAC00740559 /* Resources */ = {
			isa = PBXResourcesBuildPhase;
			buildActionMask = 2147483647;
			files = (
			);
			runOnlyForDeploymentPostprocessing = 0;
		};
		CCC2ADDB1D53ABAC00740559 /* Resources */ = {
			isa = PBXResourcesBuildPhase;
			buildActionMask = 2147483647;
			files = (
			);
			runOnlyForDeploymentPostprocessing = 0;
		};
/* End PBXResourcesBuildPhase section */

/* Begin PBXSourcesBuildPhase section */
		CCC2ADB61D53ABAC00740559 /* Sources */ = {
			isa = PBXSourcesBuildPhase;
			buildActionMask = 2147483647;
			files = (
				CCC2ADC21D53ABAC00740559 /* GameScene.swift in Sources */,
				CCC2ADC41D53ABAC00740559 /* GameViewController.swift in Sources */,
				CCC2ADF01D53ACA200740559 /* ViewController.swift in Sources */,
				CCC2ADBE1D53ABAC00740559 /* AppDelegate.swift in Sources */,
			);
			runOnlyForDeploymentPostprocessing = 0;
		};
		CCC2ADCE1D53ABAC00740559 /* Sources */ = {
			isa = PBXSourcesBuildPhase;
			buildActionMask = 2147483647;
			files = (
				CCC2ADD71D53ABAC00740559 /* Master_Project___RoardashTests.swift in Sources */,
			);
			runOnlyForDeploymentPostprocessing = 0;
		};
		CCC2ADD91D53ABAC00740559 /* Sources */ = {
			isa = PBXSourcesBuildPhase;
			buildActionMask = 2147483647;
			files = (
				CCC2ADE21D53ABAC00740559 /* Master_Project___RoardashUITests.swift in Sources */,
			);
			runOnlyForDeploymentPostprocessing = 0;
		};
/* End PBXSourcesBuildPhase section */

/* Begin PBXTargetDependency section */
		CCC2ADD41D53ABAC00740559 /* PBXTargetDependency */ = {
			isa = PBXTargetDependency;
			target = CCC2ADB91D53ABAC00740559 /* Master Project - Roardash */;
			targetProxy = CCC2ADD31D53ABAC00740559 /* PBXContainerItemProxy */;
		};
		CCC2ADDF1D53ABAC00740559 /* PBXTargetDependency */ = {
			isa = PBXTargetDependency;
			target = CCC2ADB91D53ABAC00740559 /* Master Project - Roardash */;
			targetProxy = CCC2ADDE1D53ABAC00740559 /* PBXContainerItemProxy */;
		};
/* End PBXTargetDependency section */

/* Begin PBXVariantGroup section */
		CCC2ADC51D53ABAC00740559 /* Main.storyboard */ = {
			isa = PBXVariantGroup;
			children = (
				CCC2ADC61D53ABAC00740559 /* Base */,
			);
			name = Main.storyboard;
			sourceTree = "<group>";
		};
		CCC2ADCA1D53ABAC00740559 /* LaunchScreen.storyboard */ = {
			isa = PBXVariantGroup;
			children = (
				CCC2ADCB1D53ABAC00740559 /* Base */,
			);
			name = LaunchScreen.storyboard;
			sourceTree = "<group>";
		};
/* End PBXVariantGroup section */

/* Begin XCBuildConfiguration section */
		CCC2ADE41D53ABAC00740559 /* Debug */ = {
			isa = XCBuildConfiguration;
			buildSettings = {
				ALWAYS_SEARCH_USER_PATHS = NO;
				CLANG_ANALYZER_NONNULL = YES;
				CLANG_CXX_LANGUAGE_STANDARD = "gnu++0x";
				CLANG_CXX_LIBRARY = "libc++";
				CLANG_ENABLE_MODULES = YES;
				CLANG_ENABLE_OBJC_ARC = YES;
				CLANG_WARN_BOOL_CONVERSION = YES;
				CLANG_WARN_CONSTANT_CONVERSION = YES;
				CLANG_WARN_DIRECT_OBJC_ISA_USAGE = YES_ERROR;
				CLANG_WARN_EMPTY_BODY = YES;
				CLANG_WARN_ENUM_CONVERSION = YES;
				CLANG_WARN_INT_CONVERSION = YES;
				CLANG_WARN_OBJC_ROOT_CLASS = YES_ERROR;
				CLANG_WARN_UNREACHABLE_CODE = YES;
				CLANG_WARN__DUPLICATE_METHOD_MATCH = YES;
				"CODE_SIGN_IDENTITY[sdk=iphoneos*]" = "iPhone Developer";
				COPY_PHASE_STRIP = NO;
				DEBUG_INFORMATION_FORMAT = "dwarf-with-dsym";
				ENABLE_STRICT_OBJC_MSGSEND = YES;
				ENABLE_TESTABILITY = YES;
				GCC_C_LANGUAGE_STANDARD = gnu99;
				GCC_DYNAMIC_NO_PIC = NO;
				GCC_NO_COMMON_BLOCKS = YES;
				GCC_OPTIMIZATION_LEVEL = 0;
				GCC_PREPROCESSOR_DEFINITIONS = (
					"DEBUG=1",
					"$(inherited)",
				);
				GCC_WARN_64_TO_32_BIT_CONVERSION = YES;
				GCC_WARN_ABOUT_RETURN_TYPE = YES_ERROR;
				GCC_WARN_UNDECLARED_SELECTOR = YES;
				GCC_WARN_UNINITIALIZED_AUTOS = YES_AGGRESSIVE;
				GCC_WARN_UNUSED_FUNCTION = YES;
				GCC_WARN_UNUSED_VARIABLE = YES;
				IPHONEOS_DEPLOYMENT_TARGET = 9.3;
				MTL_ENABLE_DEBUG_INFO = YES;
				ONLY_ACTIVE_ARCH = YES;
				SDKROOT = iphoneos;
				SWIFT_OPTIMIZATION_LEVEL = "-Onone";
				TARGETED_DEVICE_FAMILY = "1,2";
			};
			name = Debug;
		};
		CCC2ADE51D53ABAC00740559 /* Release */ = {
			isa = XCBuildConfiguration;
			buildSettings = {
				ALWAYS_SEARCH_USER_PATHS = NO;
				CLANG_ANALYZER_NONNULL = YES;
				CLANG_CXX_LANGUAGE_STANDARD = "gnu++0x";
				CLANG_CXX_LIBRARY = "libc++";
				CLANG_ENABLE_MODULES = YES;
				CLANG_ENABLE_OBJC_ARC = YES;
				CLANG_WARN_BOOL_CONVERSION = YES;
				CLANG_WARN_CONSTANT_CONVERSION = YES;
				CLANG_WARN_DIRECT_OBJC_ISA_USAGE = YES_ERROR;
				CLANG_WARN_EMPTY_BODY = YES;
				CLANG_WARN_ENUM_CONVERSION = YES;
				CLANG_WARN_INT_CONVERSION = YES;
				CLANG_WARN_OBJC_ROOT_CLASS = YES_ERROR;
				CLANG_WARN_UNREACHABLE_CODE = YES;
				CLANG_WARN__DUPLICATE_METHOD_MATCH = YES;
				"CODE_SIGN_IDENTITY[sdk=iphoneos*]" = "iPhone Developer";
				COPY_PHASE_STRIP = NO;
				DEBUG_INFORMATION_FORMAT = "dwarf-with-dsym";
				ENABLE_NS_ASSERTIONS = NO;
				ENABLE_STRICT_OBJC_MSGSEND = YES;
				GCC_C_LANGUAGE_STANDARD = gnu99;
				GCC_NO_COMMON_BLOCKS = YES;
				GCC_WARN_64_TO_32_BIT_CONVERSION = YES;
				GCC_WARN_ABOUT_RETURN_TYPE = YES_ERROR;
				GCC_WARN_UNDECLARED_SELECTOR = YES;
				GCC_WARN_UNINITIALIZED_AUTOS = YES_AGGRESSIVE;
				GCC_WARN_UNUSED_FUNCTION = YES;
				GCC_WARN_UNUSED_VARIABLE = YES;
				IPHONEOS_DEPLOYMENT_TARGET = 9.3;
				MTL_ENABLE_DEBUG_INFO = NO;
				SDKROOT = iphoneos;
				TARGETED_DEVICE_FAMILY = "1,2";
				VALIDATE_PRODUCT = YES;
			};
			name = Release;
		};
		CCC2ADE71D53ABAC00740559 /* Debug */ = {
			isa = XCBuildConfiguration;
			buildSettings = {
				ASSETCATALOG_COMPILER_APPICON_NAME = AppIcon;
				INFOPLIST_FILE = "Master Project - Roardash/Info.plist";
				LD_RUNPATH_SEARCH_PATHS = "$(inherited) @executable_path/Frameworks";
				PRODUCT_BUNDLE_IDENTIFIER = "Roardash.Master-Project---Roardash";
				PRODUCT_NAME = "$(TARGET_NAME)";
			};
			name = Debug;
		};
		CCC2ADE81D53ABAC00740559 /* Release */ = {
			isa = XCBuildConfiguration;
			buildSettings = {
				ASSETCATALOG_COMPILER_APPICON_NAME = AppIcon;
				INFOPLIST_FILE = "Master Project - Roardash/Info.plist";
				LD_RUNPATH_SEARCH_PATHS = "$(inherited) @executable_path/Frameworks";
				PRODUCT_BUNDLE_IDENTIFIER = "Roardash.Master-Project---Roardash";
				PRODUCT_NAME = "$(TARGET_NAME)";
			};
			name = Release;
		};
		CCC2ADEA1D53ABAC00740559 /* Debug */ = {
			isa = XCBuildConfiguration;
			buildSettings = {
				BUNDLE_LOADER = "$(TEST_HOST)";
				DEBUG_INFORMATION_FORMAT = dwarf;
				INFOPLIST_FILE = "Master Project - RoardashTests/Info.plist";
				LD_RUNPATH_SEARCH_PATHS = "$(inherited) @executable_path/Frameworks @loader_path/Frameworks";
				PRODUCT_BUNDLE_IDENTIFIER = "Roardash.Master-Project---RoardashTests";
				PRODUCT_NAME = "$(TARGET_NAME)";
				TEST_HOST = "$(BUILT_PRODUCTS_DIR)/Master Project - Roardash.app/Master Project - Roardash";
			};
			name = Debug;
		};
		CCC2ADEB1D53ABAC00740559 /* Release */ = {
			isa = XCBuildConfiguration;
			buildSettings = {
				BUNDLE_LOADER = "$(TEST_HOST)";
				INFOPLIST_FILE = "Master Project - RoardashTests/Info.plist";
				LD_RUNPATH_SEARCH_PATHS = "$(inherited) @executable_path/Frameworks @loader_path/Frameworks";
				PRODUCT_BUNDLE_IDENTIFIER = "Roardash.Master-Project---RoardashTests";
				PRODUCT_NAME = "$(TARGET_NAME)";
				TEST_HOST = "$(BUILT_PRODUCTS_DIR)/Master Project - Roardash.app/Master Project - Roardash";
			};
			name = Release;
		};
		CCC2ADED1D53ABAC00740559 /* Debug */ = {
			isa = XCBuildConfiguration;
			buildSettings = {
				DEBUG_INFORMATION_FORMAT = dwarf;
				INFOPLIST_FILE = "Master Project - RoardashUITests/Info.plist";
				LD_RUNPATH_SEARCH_PATHS = "$(inherited) @executable_path/Frameworks @loader_path/Frameworks";
				PRODUCT_BUNDLE_IDENTIFIER = "Roardash.Master-Project---RoardashUITests";
				PRODUCT_NAME = "$(TARGET_NAME)";
				TEST_TARGET_NAME = "Master Project - Roardash";
			};
			name = Debug;
		};
		CCC2ADEE1D53ABAC00740559 /* Release */ = {
			isa = XCBuildConfiguration;
			buildSettings = {
				INFOPLIST_FILE = "Master Project - RoardashUITests/Info.plist";
				LD_RUNPATH_SEARCH_PATHS = "$(inherited) @executable_path/Frameworks @loader_path/Frameworks";
				PRODUCT_BUNDLE_IDENTIFIER = "Roardash.Master-Project---RoardashUITests";
				PRODUCT_NAME = "$(TARGET_NAME)";
				TEST_TARGET_NAME = "Master Project - Roardash";
			};
			name = Release;
		};
/* End XCBuildConfiguration section */

/* Begin XCConfigurationList section */
		CCC2ADB51D53ABAC00740559 /* Build configuration list for PBXProject "Master Project - Roardash" */ = {
			isa = XCConfigurationList;
			buildConfigurations = (
				CCC2ADE41D53ABAC00740559 /* Debug */,
				CCC2ADE51D53ABAC00740559 /* Release */,
			);
			defaultConfigurationIsVisible = 0;
			defaultConfigurationName = Release;
		};
		CCC2ADE61D53ABAC00740559 /* Build configuration list for PBXNativeTarget "Master Project - Roardash" */ = {
			isa = XCConfigurationList;
			buildConfigurations = (
				CCC2ADE71D53ABAC00740559 /* Debug */,
				CCC2ADE81D53ABAC00740559 /* Release */,
			);
			defaultConfigurationIsVisible = 0;
			defaultConfigurationName = Release;
		};
		CCC2ADE91D53ABAC00740559 /* Build configuration list for PBXNativeTarget "Master Project - RoardashTests" */ = {
			isa = XCConfigurationList;
			buildConfigurations = (
				CCC2ADEA1D53ABAC00740559 /* Debug */,
				CCC2ADEB1D53ABAC00740559 /* Release */,
			);
			defaultConfigurationIsVisible = 0;
			defaultConfigurationName = Release;
		};
		CCC2ADEC1D53ABAC00740559 /* Build configuration list for PBXNativeTarget "Master Project - RoardashUITests" */ = {
			isa = XCConfigurationList;
			buildConfigurations = (
				CCC2ADED1D53ABAC00740559 /* Debug */,
				CCC2ADEE1D53ABAC00740559 /* Release */,
			);
			defaultConfigurationIsVisible = 0;
			defaultConfigurationName = Release;
		};
/* End XCConfigurationList section */
	};
	rootObject = CCC2ADB21D53ABAC00740559 /* Project object */;
}
