// !$*UTF8*$!
{
	archiveVersion = 1;
	classes = {
	};
	objectVersion = 46;
	objects = {

/* Begin PBXBuildFile section */
		CCF7732A1D5664540076C74E /* AppDelegate.swift in Sources */ = {isa = PBXBuildFile; fileRef = CCF773291D5664540076C74E /* AppDelegate.swift */; };
		CCF773331D5664540076C74E /* Main.storyboard in Resources */ = {isa = PBXBuildFile; fileRef = CCF773311D5664540076C74E /* Main.storyboard */; };
		CCF773351D5664540076C74E /* Assets.xcassets in Resources */ = {isa = PBXBuildFile; fileRef = CCF773341D5664540076C74E /* Assets.xcassets */; };
		CCF773381D5664540076C74E /* LaunchScreen.storyboard in Resources */ = {isa = PBXBuildFile; fileRef = CCF773361D5664540076C74E /* LaunchScreen.storyboard */; };
		CCF773431D5664540076C74E /* Welcome_Screen_with_messagesTests.swift in Sources */ = {isa = PBXBuildFile; fileRef = CCF773421D5664540076C74E /* Welcome_Screen_with_messagesTests.swift */; };
		CCF7734E1D5664540076C74E /* Welcome_Screen_with_messagesUITests.swift in Sources */ = {isa = PBXBuildFile; fileRef = CCF7734D1D5664540076C74E /* Welcome_Screen_with_messagesUITests.swift */; };
		CCF7735C1D56645D0076C74E /* WelcomeViewController.swift in Sources */ = {isa = PBXBuildFile; fileRef = CCF7735B1D56645D0076C74E /* WelcomeViewController.swift */; };
		CCF7735E1D5668120076C74E /* Launch Screen.storyboard in Resources */ = {isa = PBXBuildFile; fileRef = CCF7735D1D5668120076C74E /* Launch Screen.storyboard */; };
/* End PBXBuildFile section */

/* Begin PBXContainerItemProxy section */
		CCF7733F1D5664540076C74E /* PBXContainerItemProxy */ = {
			isa = PBXContainerItemProxy;
			containerPortal = CCF7731E1D5664540076C74E /* Project object */;
			proxyType = 1;
			remoteGlobalIDString = CCF773251D5664540076C74E;
			remoteInfo = "Welcome Screen with messages";
		};
		CCF7734A1D5664540076C74E /* PBXContainerItemProxy */ = {
			isa = PBXContainerItemProxy;
			containerPortal = CCF7731E1D5664540076C74E /* Project object */;
			proxyType = 1;
			remoteGlobalIDString = CCF773251D5664540076C74E;
			remoteInfo = "Welcome Screen with messages";
		};
/* End PBXContainerItemProxy section */

/* Begin PBXFileReference section */
		CCF773261D5664540076C74E /* Welcome Screen with messages.app */ = {isa = PBXFileReference; explicitFileType = wrapper.application; includeInIndex = 0; path = "Welcome Screen with messages.app"; sourceTree = BUILT_PRODUCTS_DIR; };
		CCF773291D5664540076C74E /* AppDelegate.swift */ = {isa = PBXFileReference; lastKnownFileType = sourcecode.swift; path = AppDelegate.swift; sourceTree = "<group>"; };
		CCF773321D5664540076C74E /* Base */ = {isa = PBXFileReference; lastKnownFileType = file.storyboard; name = Base; path = Base.lproj/Main.storyboard; sourceTree = "<group>"; };
		CCF773341D5664540076C74E /* Assets.xcassets */ = {isa = PBXFileReference; lastKnownFileType = folder.assetcatalog; path = Assets.xcassets; sourceTree = "<group>"; };
		CCF773371D5664540076C74E /* Base */ = {isa = PBXFileReference; lastKnownFileType = file.storyboard; name = Base; path = Base.lproj/LaunchScreen.storyboard; sourceTree = "<group>"; };
		CCF773391D5664540076C74E /* Info.plist */ = {isa = PBXFileReference; lastKnownFileType = text.plist.xml; path = Info.plist; sourceTree = "<group>"; };
		CCF7733E1D5664540076C74E /* Welcome Screen with messagesTests.xctest */ = {isa = PBXFileReference; explicitFileType = wrapper.cfbundle; includeInIndex = 0; path = "Welcome Screen with messagesTests.xctest"; sourceTree = BUILT_PRODUCTS_DIR; };
		CCF773421D5664540076C74E /* Welcome_Screen_with_messagesTests.swift */ = {isa = PBXFileReference; lastKnownFileType = sourcecode.swift; path = Welcome_Screen_with_messagesTests.swift; sourceTree = "<group>"; };
		CCF773441D5664540076C74E /* Info.plist */ = {isa = PBXFileReference; lastKnownFileType = text.plist.xml; path = Info.plist; sourceTree = "<group>"; };
		CCF773491D5664540076C74E /* Welcome Screen with messagesUITests.xctest */ = {isa = PBXFileReference; explicitFileType = wrapper.cfbundle; includeInIndex = 0; path = "Welcome Screen with messagesUITests.xctest"; sourceTree = BUILT_PRODUCTS_DIR; };
		CCF7734D1D5664540076C74E /* Welcome_Screen_with_messagesUITests.swift */ = {isa = PBXFileReference; lastKnownFileType = sourcecode.swift; path = Welcome_Screen_with_messagesUITests.swift; sourceTree = "<group>"; };
		CCF7734F1D5664540076C74E /* Info.plist */ = {isa = PBXFileReference; lastKnownFileType = text.plist.xml; path = Info.plist; sourceTree = "<group>"; };
		CCF7735B1D56645D0076C74E /* WelcomeViewController.swift */ = {isa = PBXFileReference; fileEncoding = 4; lastKnownFileType = sourcecode.swift; path = WelcomeViewController.swift; sourceTree = "<group>"; };
		CCF7735D1D5668120076C74E /* Launch Screen.storyboard */ = {isa = PBXFileReference; fileEncoding = 4; lastKnownFileType = file.storyboard; path = "Launch Screen.storyboard"; sourceTree = "<group>"; };
/* End PBXFileReference section */

/* Begin PBXFrameworksBuildPhase section */
		CCF773231D5664540076C74E /* Frameworks */ = {
			isa = PBXFrameworksBuildPhase;
			buildActionMask = 2147483647;
			files = (
			);
			runOnlyForDeploymentPostprocessing = 0;
		};
		CCF7733B1D5664540076C74E /* Frameworks */ = {
			isa = PBXFrameworksBuildPhase;
			buildActionMask = 2147483647;
			files = (
			);
			runOnlyForDeploymentPostprocessing = 0;
		};
		CCF773461D5664540076C74E /* Frameworks */ = {
			isa = PBXFrameworksBuildPhase;
			buildActionMask = 2147483647;
			files = (
			);
			runOnlyForDeploymentPostprocessing = 0;
		};
/* End PBXFrameworksBuildPhase section */

/* Begin PBXGroup section */
		CCF7731D1D5664540076C74E = {
			isa = PBXGroup;
			children = (
				CCF773281D5664540076C74E /* Welcome Screen with messages */,
				CCF773411D5664540076C74E /* Welcome Screen with messagesTests */,
				CCF7734C1D5664540076C74E /* Welcome Screen with messagesUITests */,
				CCF773271D5664540076C74E /* Products */,
			);
			sourceTree = "<group>";
		};
		CCF773271D5664540076C74E /* Products */ = {
			isa = PBXGroup;
			children = (
				CCF773261D5664540076C74E /* Welcome Screen with messages.app */,
				CCF7733E1D5664540076C74E /* Welcome Screen with messagesTests.xctest */,
				CCF773491D5664540076C74E /* Welcome Screen with messagesUITests.xctest */,
			);
			name = Products;
			sourceTree = "<group>";
		};
		CCF773281D5664540076C74E /* Welcome Screen with messages */ = {
			isa = PBXGroup;
			children = (
				CCF773291D5664540076C74E /* AppDelegate.swift */,
				CCF7735B1D56645D0076C74E /* WelcomeViewController.swift */,
				CCF773311D5664540076C74E /* Main.storyboard */,
				CCF773341D5664540076C74E /* Assets.xcassets */,
				CCF773361D5664540076C74E /* LaunchScreen.storyboard */,
				CCF7735D1D5668120076C74E /* Launch Screen.storyboard */,
				CCF773391D5664540076C74E /* Info.plist */,
			);
			path = "Welcome Screen with messages";
			sourceTree = "<group>";
		};
		CCF773411D5664540076C74E /* Welcome Screen with messagesTests */ = {
			isa = PBXGroup;
			children = (
				CCF773421D5664540076C74E /* Welcome_Screen_with_messagesTests.swift */,
				CCF773441D5664540076C74E /* Info.plist */,
			);
			path = "Welcome Screen with messagesTests";
			sourceTree = "<group>";
		};
		CCF7734C1D5664540076C74E /* Welcome Screen with messagesUITests */ = {
			isa = PBXGroup;
			children = (
				CCF7734D1D5664540076C74E /* Welcome_Screen_with_messagesUITests.swift */,
				CCF7734F1D5664540076C74E /* Info.plist */,
			);
			path = "Welcome Screen with messagesUITests";
			sourceTree = "<group>";
		};
/* End PBXGroup section */

/* Begin PBXNativeTarget section */
		CCF773251D5664540076C74E /* Welcome Screen with messages */ = {
			isa = PBXNativeTarget;
			buildConfigurationList = CCF773521D5664540076C74E /* Build configuration list for PBXNativeTarget "Welcome Screen with messages" */;
			buildPhases = (
				CCF773221D5664540076C74E /* Sources */,
				CCF773231D5664540076C74E /* Frameworks */,
				CCF773241D5664540076C74E /* Resources */,
			);
			buildRules = (
			);
			dependencies = (
			);
			name = "Welcome Screen with messages";
			productName = "Welcome Screen with messages";
			productReference = CCF773261D5664540076C74E /* Welcome Screen with messages.app */;
			productType = "com.apple.product-type.application";
		};
		CCF7733D1D5664540076C74E /* Welcome Screen with messagesTests */ = {
			isa = PBXNativeTarget;
			buildConfigurationList = CCF773551D5664540076C74E /* Build configuration list for PBXNativeTarget "Welcome Screen with messagesTests" */;
			buildPhases = (
				CCF7733A1D5664540076C74E /* Sources */,
				CCF7733B1D5664540076C74E /* Frameworks */,
				CCF7733C1D5664540076C74E /* Resources */,
			);
			buildRules = (
			);
			dependencies = (
				CCF773401D5664540076C74E /* PBXTargetDependency */,
			);
			name = "Welcome Screen with messagesTests";
			productName = "Welcome Screen with messagesTests";
			productReference = CCF7733E1D5664540076C74E /* Welcome Screen with messagesTests.xctest */;
			productType = "com.apple.product-type.bundle.unit-test";
		};
		CCF773481D5664540076C74E /* Welcome Screen with messagesUITests */ = {
			isa = PBXNativeTarget;
			buildConfigurationList = CCF773581D5664540076C74E /* Build configuration list for PBXNativeTarget "Welcome Screen with messagesUITests" */;
			buildPhases = (
				CCF773451D5664540076C74E /* Sources */,
				CCF773461D5664540076C74E /* Frameworks */,
				CCF773471D5664540076C74E /* Resources */,
			);
			buildRules = (
			);
			dependencies = (
				CCF7734B1D5664540076C74E /* PBXTargetDependency */,
			);
			name = "Welcome Screen with messagesUITests";
			productName = "Welcome Screen with messagesUITests";
			productReference = CCF773491D5664540076C74E /* Welcome Screen with messagesUITests.xctest */;
			productType = "com.apple.product-type.bundle.ui-testing";
		};
/* End PBXNativeTarget section */

/* Begin PBXProject section */
		CCF7731E1D5664540076C74E /* Project object */ = {
			isa = PBXProject;
			attributes = {
				LastSwiftUpdateCheck = 0730;
				LastUpgradeCheck = 0730;
				ORGANIZATIONNAME = "Girls Who Code";
				TargetAttributes = {
					CCF773251D5664540076C74E = {
						CreatedOnToolsVersion = 7.3.1;
					};
					CCF7733D1D5664540076C74E = {
						CreatedOnToolsVersion = 7.3.1;
						TestTargetID = CCF773251D5664540076C74E;
					};
					CCF773481D5664540076C74E = {
						CreatedOnToolsVersion = 7.3.1;
						TestTargetID = CCF773251D5664540076C74E;
					};
				};
			};
			buildConfigurationList = CCF773211D5664540076C74E /* Build configuration list for PBXProject "Welcome Screen with messages" */;
			compatibilityVersion = "Xcode 3.2";
			developmentRegion = English;
			hasScannedForEncodings = 0;
			knownRegions = (
				en,
				Base,
			);
			mainGroup = CCF7731D1D5664540076C74E;
			productRefGroup = CCF773271D5664540076C74E /* Products */;
			projectDirPath = "";
			projectRoot = "";
			targets = (
				CCF773251D5664540076C74E /* Welcome Screen with messages */,
				CCF7733D1D5664540076C74E /* Welcome Screen with messagesTests */,
				CCF773481D5664540076C74E /* Welcome Screen with messagesUITests */,
			);
		};
/* End PBXProject section */

/* Begin PBXResourcesBuildPhase section */
		CCF773241D5664540076C74E /* Resources */ = {
			isa = PBXResourcesBuildPhase;
			buildActionMask = 2147483647;
			files = (
				CCF773381D5664540076C74E /* LaunchScreen.storyboard in Resources */,
				CCF773351D5664540076C74E /* Assets.xcassets in Resources */,
				CCF7735E1D5668120076C74E /* Launch Screen.storyboard in Resources */,
				CCF773331D5664540076C74E /* Main.storyboard in Resources */,
			);
			runOnlyForDeploymentPostprocessing = 0;
		};
		CCF7733C1D5664540076C74E /* Resources */ = {
			isa = PBXResourcesBuildPhase;
			buildActionMask = 2147483647;
			files = (
			);
			runOnlyForDeploymentPostprocessing = 0;
		};
		CCF773471D5664540076C74E /* Resources */ = {
			isa = PBXResourcesBuildPhase;
			buildActionMask = 2147483647;
			files = (
			);
			runOnlyForDeploymentPostprocessing = 0;
		};
/* End PBXResourcesBuildPhase section */

/* Begin PBXSourcesBuildPhase section */
		CCF773221D5664540076C74E /* Sources */ = {
			isa = PBXSourcesBuildPhase;
			buildActionMask = 2147483647;
			files = (
				CCF7735C1D56645D0076C74E /* WelcomeViewController.swift in Sources */,
				CCF7732A1D5664540076C74E /* AppDelegate.swift in Sources */,
			);
			runOnlyForDeploymentPostprocessing = 0;
		};
		CCF7733A1D5664540076C74E /* Sources */ = {
			isa = PBXSourcesBuildPhase;
			buildActionMask = 2147483647;
			files = (
				CCF773431D5664540076C74E /* Welcome_Screen_with_messagesTests.swift in Sources */,
			);
			runOnlyForDeploymentPostprocessing = 0;
		};
		CCF773451D5664540076C74E /* Sources */ = {
			isa = PBXSourcesBuildPhase;
			buildActionMask = 2147483647;
			files = (
				CCF7734E1D5664540076C74E /* Welcome_Screen_with_messagesUITests.swift in Sources */,
			);
			runOnlyForDeploymentPostprocessing = 0;
		};
/* End PBXSourcesBuildPhase section */

/* Begin PBXTargetDependency section */
		CCF773401D5664540076C74E /* PBXTargetDependency */ = {
			isa = PBXTargetDependency;
			target = CCF773251D5664540076C74E /* Welcome Screen with messages */;
			targetProxy = CCF7733F1D5664540076C74E /* PBXContainerItemProxy */;
		};
		CCF7734B1D5664540076C74E /* PBXTargetDependency */ = {
			isa = PBXTargetDependency;
			target = CCF773251D5664540076C74E /* Welcome Screen with messages */;
			targetProxy = CCF7734A1D5664540076C74E /* PBXContainerItemProxy */;
		};
/* End PBXTargetDependency section */

/* Begin PBXVariantGroup section */
		CCF773311D5664540076C74E /* Main.storyboard */ = {
			isa = PBXVariantGroup;
			children = (
				CCF773321D5664540076C74E /* Base */,
			);
			name = Main.storyboard;
			sourceTree = "<group>";
		};
		CCF773361D5664540076C74E /* LaunchScreen.storyboard */ = {
			isa = PBXVariantGroup;
			children = (
				CCF773371D5664540076C74E /* Base */,
			);
			name = LaunchScreen.storyboard;
			sourceTree = "<group>";
		};
/* End PBXVariantGroup section */

/* Begin XCBuildConfiguration section */
		CCF773501D5664540076C74E /* Debug */ = {
			isa = XCBuildConfiguration;
			buildSettings = {
				ALWAYS_SEARCH_USER_PATHS = NO;
				CLANG_ANALYZER_NONNULL = YES;
				CLANG_CXX_LANGUAGE_STANDARD = "gnu++0x";
				CLANG_CXX_LIBRARY = "libc++";
				CLANG_ENABLE_MODULES = YES;
				CLANG_ENABLE_OBJC_ARC = YES;
				CLANG_WARN_BOOL_CONVERSION = YES;
				CLANG_WARN_CONSTANT_CONVERSION = YES;
				CLANG_WARN_DIRECT_OBJC_ISA_USAGE = YES_ERROR;
				CLANG_WARN_EMPTY_BODY = YES;
				CLANG_WARN_ENUM_CONVERSION = YES;
				CLANG_WARN_INT_CONVERSION = YES;
				CLANG_WARN_OBJC_ROOT_CLASS = YES_ERROR;
				CLANG_WARN_UNREACHABLE_CODE = YES;
				CLANG_WARN__DUPLICATE_METHOD_MATCH = YES;
				"CODE_SIGN_IDENTITY[sdk=iphoneos*]" = "iPhone Developer";
				COPY_PHASE_STRIP = NO;
				DEBUG_INFORMATION_FORMAT = "dwarf-with-dsym";
				ENABLE_STRICT_OBJC_MSGSEND = YES;
				ENABLE_TESTABILITY = YES;
				GCC_C_LANGUAGE_STANDARD = gnu99;
				GCC_DYNAMIC_NO_PIC = NO;
				GCC_NO_COMMON_BLOCKS = YES;
				GCC_OPTIMIZATION_LEVEL = 0;
				GCC_PREPROCESSOR_DEFINITIONS = (
					"DEBUG=1",
					"$(inherited)",
				);
				GCC_WARN_64_TO_32_BIT_CONVERSION = YES;
				GCC_WARN_ABOUT_RETURN_TYPE = YES_ERROR;
				GCC_WARN_UNDECLARED_SELECTOR = YES;
				GCC_WARN_UNINITIALIZED_AUTOS = YES_AGGRESSIVE;
				GCC_WARN_UNUSED_FUNCTION = YES;
				GCC_WARN_UNUSED_VARIABLE = YES;
				IPHONEOS_DEPLOYMENT_TARGET = 9.3;
				MTL_ENABLE_DEBUG_INFO = YES;
				ONLY_ACTIVE_ARCH = YES;
				SDKROOT = iphoneos;
				SWIFT_OPTIMIZATION_LEVEL = "-Onone";
			};
			name = Debug;
		};
		CCF773511D5664540076C74E /* Release */ = {
			isa = XCBuildConfiguration;
			buildSettings = {
				ALWAYS_SEARCH_USER_PATHS = NO;
				CLANG_ANALYZER_NONNULL = YES;
				CLANG_CXX_LANGUAGE_STANDARD = "gnu++0x";
				CLANG_CXX_LIBRARY = "libc++";
				CLANG_ENABLE_MODULES = YES;
				CLANG_ENABLE_OBJC_ARC = YES;
				CLANG_WARN_BOOL_CONVERSION = YES;
				CLANG_WARN_CONSTANT_CONVERSION = YES;
				CLANG_WARN_DIRECT_OBJC_ISA_USAGE = YES_ERROR;
				CLANG_WARN_EMPTY_BODY = YES;
				CLANG_WARN_ENUM_CONVERSION = YES;
				CLANG_WARN_INT_CONVERSION = YES;
				CLANG_WARN_OBJC_ROOT_CLASS = YES_ERROR;
				CLANG_WARN_UNREACHABLE_CODE = YES;
				CLANG_WARN__DUPLICATE_METHOD_MATCH = YES;
				"CODE_SIGN_IDENTITY[sdk=iphoneos*]" = "iPhone Developer";
				COPY_PHASE_STRIP = NO;
				DEBUG_INFORMATION_FORMAT = "dwarf-with-dsym";
				ENABLE_NS_ASSERTIONS = NO;
				ENABLE_STRICT_OBJC_MSGSEND = YES;
				GCC_C_LANGUAGE_STANDARD = gnu99;
				GCC_NO_COMMON_BLOCKS = YES;
				GCC_WARN_64_TO_32_BIT_CONVERSION = YES;
				GCC_WARN_ABOUT_RETURN_TYPE = YES_ERROR;
				GCC_WARN_UNDECLARED_SELECTOR = YES;
				GCC_WARN_UNINITIALIZED_AUTOS = YES_AGGRESSIVE;
				GCC_WARN_UNUSED_FUNCTION = YES;
				GCC_WARN_UNUSED_VARIABLE = YES;
				IPHONEOS_DEPLOYMENT_TARGET = 9.3;
				MTL_ENABLE_DEBUG_INFO = NO;
				SDKROOT = iphoneos;
				VALIDATE_PRODUCT = YES;
			};
			name = Release;
		};
		CCF773531D5664540076C74E /* Debug */ = {
			isa = XCBuildConfiguration;
			buildSettings = {
				ASSETCATALOG_COMPILER_APPICON_NAME = AppIcon;
				INFOPLIST_FILE = "Welcome Screen with messages/Info.plist";
				LD_RUNPATH_SEARCH_PATHS = "$(inherited) @executable_path/Frameworks";
				PRODUCT_BUNDLE_IDENTIFIER = "Roardash.Welcome-Screen-with-messages";
				PRODUCT_NAME = "$(TARGET_NAME)";
			};
			name = Debug;
		};
		CCF773541D5664540076C74E /* Release */ = {
			isa = XCBuildConfiguration;
			buildSettings = {
				ASSETCATALOG_COMPILER_APPICON_NAME = AppIcon;
				INFOPLIST_FILE = "Welcome Screen with messages/Info.plist";
				LD_RUNPATH_SEARCH_PATHS = "$(inherited) @executable_path/Frameworks";
				PRODUCT_BUNDLE_IDENTIFIER = "Roardash.Welcome-Screen-with-messages";
				PRODUCT_NAME = "$(TARGET_NAME)";
			};
			name = Release;
		};
		CCF773561D5664540076C74E /* Debug */ = {
			isa = XCBuildConfiguration;
			buildSettings = {
				BUNDLE_LOADER = "$(TEST_HOST)";
				DEBUG_INFORMATION_FORMAT = dwarf;
				INFOPLIST_FILE = "Welcome Screen with messagesTests/Info.plist";
				LD_RUNPATH_SEARCH_PATHS = "$(inherited) @executable_path/Frameworks @loader_path/Frameworks";
				PRODUCT_BUNDLE_IDENTIFIER = "Roardash.Welcome-Screen-with-messagesTests";
				PRODUCT_NAME = "$(TARGET_NAME)";
				TEST_HOST = "$(BUILT_PRODUCTS_DIR)/Welcome Screen with messages.app/Welcome Screen with messages";
			};
			name = Debug;
		};
		CCF773571D5664540076C74E /* Release */ = {
			isa = XCBuildConfiguration;
			buildSettings = {
				BUNDLE_LOADER = "$(TEST_HOST)";
				INFOPLIST_FILE = "Welcome Screen with messagesTests/Info.plist";
				LD_RUNPATH_SEARCH_PATHS = "$(inherited) @executable_path/Frameworks @loader_path/Frameworks";
				PRODUCT_BUNDLE_IDENTIFIER = "Roardash.Welcome-Screen-with-messagesTests";
				PRODUCT_NAME = "$(TARGET_NAME)";
				TEST_HOST = "$(BUILT_PRODUCTS_DIR)/Welcome Screen with messages.app/Welcome Screen with messages";
			};
			name = Release;
		};
		CCF773591D5664540076C74E /* Debug */ = {
			isa = XCBuildConfiguration;
			buildSettings = {
				DEBUG_INFORMATION_FORMAT = dwarf;
				INFOPLIST_FILE = "Welcome Screen with messagesUITests/Info.plist";
				LD_RUNPATH_SEARCH_PATHS = "$(inherited) @executable_path/Frameworks @loader_path/Frameworks";
				PRODUCT_BUNDLE_IDENTIFIER = "Roardash.Welcome-Screen-with-messagesUITests";
				PRODUCT_NAME = "$(TARGET_NAME)";
				TEST_TARGET_NAME = "Welcome Screen with messages";
			};
			name = Debug;
		};
		CCF7735A1D5664540076C74E /* Release */ = {
			isa = XCBuildConfiguration;
			buildSettings = {
				INFOPLIST_FILE = "Welcome Screen with messagesUITests/Info.plist";
				LD_RUNPATH_SEARCH_PATHS = "$(inherited) @executable_path/Frameworks @loader_path/Frameworks";
				PRODUCT_BUNDLE_IDENTIFIER = "Roardash.Welcome-Screen-with-messagesUITests";
				PRODUCT_NAME = "$(TARGET_NAME)";
				TEST_TARGET_NAME = "Welcome Screen with messages";
			};
			name = Release;
		};
/* End XCBuildConfiguration section */

/* Begin XCConfigurationList section */
		CCF773211D5664540076C74E /* Build configuration list for PBXProject "Welcome Screen with messages" */ = {
			isa = XCConfigurationList;
			buildConfigurations = (
				CCF773501D5664540076C74E /* Debug */,
				CCF773511D5664540076C74E /* Release */,
			);
			defaultConfigurationIsVisible = 0;
			defaultConfigurationName = Release;
		};
		CCF773521D5664540076C74E /* Build configuration list for PBXNativeTarget "Welcome Screen with messages" */ = {
			isa = XCConfigurationList;
			buildConfigurations = (
				CCF773531D5664540076C74E /* Debug */,
				CCF773541D5664540076C74E /* Release */,
			);
			defaultConfigurationIsVisible = 0;
		};
		CCF773551D5664540076C74E /* Build configuration list for PBXNativeTarget "Welcome Screen with messagesTests" */ = {
			isa = XCConfigurationList;
			buildConfigurations = (
				CCF773561D5664540076C74E /* Debug */,
				CCF773571D5664540076C74E /* Release */,
			);
			defaultConfigurationIsVisible = 0;
		};
		CCF773581D5664540076C74E /* Build configuration list for PBXNativeTarget "Welcome Screen with messagesUITests" */ = {
			isa = XCConfigurationList;
			buildConfigurations = (
				CCF773591D5664540076C74E /* Debug */,
				CCF7735A1D5664540076C74E /* Release */,
			);
			defaultConfigurationIsVisible = 0;
		};
/* End XCConfigurationList section */
	};
	rootObject = CCF7731E1D5664540076C74E /* Project object */;
}
