// !$*UTF8*$!
{
	archiveVersion = 1;
	classes = {
	};
	objectVersion = 46;
	objects = {

/* Begin PBXBuildFile section */
		CCFC8A321D510F9C004243FD /* AppDelegate.swift in Sources */ = {isa = PBXBuildFile; fileRef = CCFC8A311D510F9C004243FD /* AppDelegate.swift */; };
		CCFC8A341D510F9C004243FD /* RootViewController.swift in Sources */ = {isa = PBXBuildFile; fileRef = CCFC8A331D510F9C004243FD /* RootViewController.swift */; };
		CCFC8A361D510F9C004243FD /* DataViewController.swift in Sources */ = {isa = PBXBuildFile; fileRef = CCFC8A351D510F9C004243FD /* DataViewController.swift */; };
		CCFC8A381D510F9C004243FD /* ModelController.swift in Sources */ = {isa = PBXBuildFile; fileRef = CCFC8A371D510F9C004243FD /* ModelController.swift */; };
		CCFC8A3B1D510F9C004243FD /* Main.storyboard in Resources */ = {isa = PBXBuildFile; fileRef = CCFC8A391D510F9C004243FD /* Main.storyboard */; };
		CCFC8A3D1D510F9C004243FD /* Assets.xcassets in Resources */ = {isa = PBXBuildFile; fileRef = CCFC8A3C1D510F9C004243FD /* Assets.xcassets */; };
		CCFC8A401D510F9C004243FD /* LaunchScreen.storyboard in Resources */ = {isa = PBXBuildFile; fileRef = CCFC8A3E1D510F9C004243FD /* LaunchScreen.storyboard */; };
		CCFC8A4B1D510F9C004243FD /* Page_Attempt_1_TimerTests.swift in Sources */ = {isa = PBXBuildFile; fileRef = CCFC8A4A1D510F9C004243FD /* Page_Attempt_1_TimerTests.swift */; };
		CCFC8A561D510F9C004243FD /* Page_Attempt_1_TimerUITests.swift in Sources */ = {isa = PBXBuildFile; fileRef = CCFC8A551D510F9C004243FD /* Page_Attempt_1_TimerUITests.swift */; };
/* End PBXBuildFile section */

/* Begin PBXContainerItemProxy section */
		CCFC8A471D510F9C004243FD /* PBXContainerItemProxy */ = {
			isa = PBXContainerItemProxy;
			containerPortal = CCFC8A261D510F9C004243FD /* Project object */;
			proxyType = 1;
			remoteGlobalIDString = CCFC8A2D1D510F9C004243FD;
			remoteInfo = "Page Attempt 1 Timer";
		};
		CCFC8A521D510F9C004243FD /* PBXContainerItemProxy */ = {
			isa = PBXContainerItemProxy;
			containerPortal = CCFC8A261D510F9C004243FD /* Project object */;
			proxyType = 1;
			remoteGlobalIDString = CCFC8A2D1D510F9C004243FD;
			remoteInfo = "Page Attempt 1 Timer";
		};
/* End PBXContainerItemProxy section */

/* Begin PBXFileReference section */
		CCFC8A2E1D510F9C004243FD /* Page Attempt 1 Timer.app */ = {isa = PBXFileReference; explicitFileType = wrapper.application; includeInIndex = 0; path = "Page Attempt 1 Timer.app"; sourceTree = BUILT_PRODUCTS_DIR; };
		CCFC8A311D510F9C004243FD /* AppDelegate.swift */ = {isa = PBXFileReference; lastKnownFileType = sourcecode.swift; path = AppDelegate.swift; sourceTree = "<group>"; };
		CCFC8A331D510F9C004243FD /* RootViewController.swift */ = {isa = PBXFileReference; lastKnownFileType = sourcecode.swift; path = RootViewController.swift; sourceTree = "<group>"; };
		CCFC8A351D510F9C004243FD /* DataViewController.swift */ = {isa = PBXFileReference; lastKnownFileType = sourcecode.swift; path = DataViewController.swift; sourceTree = "<group>"; };
		CCFC8A371D510F9C004243FD /* ModelController.swift */ = {isa = PBXFileReference; lastKnownFileType = sourcecode.swift; path = ModelController.swift; sourceTree = "<group>"; };
		CCFC8A3A1D510F9C004243FD /* Base */ = {isa = PBXFileReference; lastKnownFileType = file.storyboard; name = Base; path = Base.lproj/Main.storyboard; sourceTree = "<group>"; };
		CCFC8A3C1D510F9C004243FD /* Assets.xcassets */ = {isa = PBXFileReference; lastKnownFileType = folder.assetcatalog; path = Assets.xcassets; sourceTree = "<group>"; };
		CCFC8A3F1D510F9C004243FD /* Base */ = {isa = PBXFileReference; lastKnownFileType = file.storyboard; name = Base; path = Base.lproj/LaunchScreen.storyboard; sourceTree = "<group>"; };
		CCFC8A411D510F9C004243FD /* Info.plist */ = {isa = PBXFileReference; lastKnownFileType = text.plist.xml; path = Info.plist; sourceTree = "<group>"; };
		CCFC8A461D510F9C004243FD /* Page Attempt 1 TimerTests.xctest */ = {isa = PBXFileReference; explicitFileType = wrapper.cfbundle; includeInIndex = 0; path = "Page Attempt 1 TimerTests.xctest"; sourceTree = BUILT_PRODUCTS_DIR; };
		CCFC8A4A1D510F9C004243FD /* Page_Attempt_1_TimerTests.swift */ = {isa = PBXFileReference; lastKnownFileType = sourcecode.swift; path = Page_Attempt_1_TimerTests.swift; sourceTree = "<group>"; };
		CCFC8A4C1D510F9C004243FD /* Info.plist */ = {isa = PBXFileReference; lastKnownFileType = text.plist.xml; path = Info.plist; sourceTree = "<group>"; };
		CCFC8A511D510F9C004243FD /* Page Attempt 1 TimerUITests.xctest */ = {isa = PBXFileReference; explicitFileType = wrapper.cfbundle; includeInIndex = 0; path = "Page Attempt 1 TimerUITests.xctest"; sourceTree = BUILT_PRODUCTS_DIR; };
		CCFC8A551D510F9C004243FD /* Page_Attempt_1_TimerUITests.swift */ = {isa = PBXFileReference; lastKnownFileType = sourcecode.swift; path = Page_Attempt_1_TimerUITests.swift; sourceTree = "<group>"; };
		CCFC8A571D510F9C004243FD /* Info.plist */ = {isa = PBXFileReference; lastKnownFileType = text.plist.xml; path = Info.plist; sourceTree = "<group>"; };
/* End PBXFileReference section */

/* Begin PBXFrameworksBuildPhase section */
		CCFC8A2B1D510F9C004243FD /* Frameworks */ = {
			isa = PBXFrameworksBuildPhase;
			buildActionMask = 2147483647;
			files = (
			);
			runOnlyForDeploymentPostprocessing = 0;
		};
		CCFC8A431D510F9C004243FD /* Frameworks */ = {
			isa = PBXFrameworksBuildPhase;
			buildActionMask = 2147483647;
			files = (
			);
			runOnlyForDeploymentPostprocessing = 0;
		};
		CCFC8A4E1D510F9C004243FD /* Frameworks */ = {
			isa = PBXFrameworksBuildPhase;
			buildActionMask = 2147483647;
			files = (
			);
			runOnlyForDeploymentPostprocessing = 0;
		};
/* End PBXFrameworksBuildPhase section */

/* Begin PBXGroup section */
		CCFC8A251D510F9C004243FD = {
			isa = PBXGroup;
			children = (
				CCFC8A301D510F9C004243FD /* Page Attempt 1 Timer */,
				CCFC8A491D510F9C004243FD /* Page Attempt 1 TimerTests */,
				CCFC8A541D510F9C004243FD /* Page Attempt 1 TimerUITests */,
				CCFC8A2F1D510F9C004243FD /* Products */,
			);
			sourceTree = "<group>";
		};
		CCFC8A2F1D510F9C004243FD /* Products */ = {
			isa = PBXGroup;
			children = (
				CCFC8A2E1D510F9C004243FD /* Page Attempt 1 Timer.app */,
				CCFC8A461D510F9C004243FD /* Page Attempt 1 TimerTests.xctest */,
				CCFC8A511D510F9C004243FD /* Page Attempt 1 TimerUITests.xctest */,
			);
			name = Products;
			sourceTree = "<group>";
		};
		CCFC8A301D510F9C004243FD /* Page Attempt 1 Timer */ = {
			isa = PBXGroup;
			children = (
				CCFC8A311D510F9C004243FD /* AppDelegate.swift */,
				CCFC8A331D510F9C004243FD /* RootViewController.swift */,
				CCFC8A351D510F9C004243FD /* DataViewController.swift */,
				CCFC8A371D510F9C004243FD /* ModelController.swift */,
				CCFC8A391D510F9C004243FD /* Main.storyboard */,
				CCFC8A3C1D510F9C004243FD /* Assets.xcassets */,
				CCFC8A3E1D510F9C004243FD /* LaunchScreen.storyboard */,
				CCFC8A411D510F9C004243FD /* Info.plist */,
			);
			path = "Page Attempt 1 Timer";
			sourceTree = "<group>";
		};
		CCFC8A491D510F9C004243FD /* Page Attempt 1 TimerTests */ = {
			isa = PBXGroup;
			children = (
				CCFC8A4A1D510F9C004243FD /* Page_Attempt_1_TimerTests.swift */,
				CCFC8A4C1D510F9C004243FD /* Info.plist */,
			);
			path = "Page Attempt 1 TimerTests";
			sourceTree = "<group>";
		};
		CCFC8A541D510F9C004243FD /* Page Attempt 1 TimerUITests */ = {
			isa = PBXGroup;
			children = (
				CCFC8A551D510F9C004243FD /* Page_Attempt_1_TimerUITests.swift */,
				CCFC8A571D510F9C004243FD /* Info.plist */,
			);
			path = "Page Attempt 1 TimerUITests";
			sourceTree = "<group>";
		};
/* End PBXGroup section */

/* Begin PBXNativeTarget section */
		CCFC8A2D1D510F9C004243FD /* Page Attempt 1 Timer */ = {
			isa = PBXNativeTarget;
			buildConfigurationList = CCFC8A5A1D510F9C004243FD /* Build configuration list for PBXNativeTarget "Page Attempt 1 Timer" */;
			buildPhases = (
				CCFC8A2A1D510F9C004243FD /* Sources */,
				CCFC8A2B1D510F9C004243FD /* Frameworks */,
				CCFC8A2C1D510F9C004243FD /* Resources */,
			);
			buildRules = (
			);
			dependencies = (
			);
			name = "Page Attempt 1 Timer";
			productName = "Page Attempt 1 Timer";
			productReference = CCFC8A2E1D510F9C004243FD /* Page Attempt 1 Timer.app */;
			productType = "com.apple.product-type.application";
		};
		CCFC8A451D510F9C004243FD /* Page Attempt 1 TimerTests */ = {
			isa = PBXNativeTarget;
			buildConfigurationList = CCFC8A5D1D510F9C004243FD /* Build configuration list for PBXNativeTarget "Page Attempt 1 TimerTests" */;
			buildPhases = (
				CCFC8A421D510F9C004243FD /* Sources */,
				CCFC8A431D510F9C004243FD /* Frameworks */,
				CCFC8A441D510F9C004243FD /* Resources */,
			);
			buildRules = (
			);
			dependencies = (
				CCFC8A481D510F9C004243FD /* PBXTargetDependency */,
			);
			name = "Page Attempt 1 TimerTests";
			productName = "Page Attempt 1 TimerTests";
			productReference = CCFC8A461D510F9C004243FD /* Page Attempt 1 TimerTests.xctest */;
			productType = "com.apple.product-type.bundle.unit-test";
		};
		CCFC8A501D510F9C004243FD /* Page Attempt 1 TimerUITests */ = {
			isa = PBXNativeTarget;
			buildConfigurationList = CCFC8A601D510F9C004243FD /* Build configuration list for PBXNativeTarget "Page Attempt 1 TimerUITests" */;
			buildPhases = (
				CCFC8A4D1D510F9C004243FD /* Sources */,
				CCFC8A4E1D510F9C004243FD /* Frameworks */,
				CCFC8A4F1D510F9C004243FD /* Resources */,
			);
			buildRules = (
			);
			dependencies = (
				CCFC8A531D510F9C004243FD /* PBXTargetDependency */,
			);
			name = "Page Attempt 1 TimerUITests";
			productName = "Page Attempt 1 TimerUITests";
			productReference = CCFC8A511D510F9C004243FD /* Page Attempt 1 TimerUITests.xctest */;
			productType = "com.apple.product-type.bundle.ui-testing";
		};
/* End PBXNativeTarget section */

/* Begin PBXProject section */
		CCFC8A261D510F9C004243FD /* Project object */ = {
			isa = PBXProject;
			attributes = {
				LastSwiftUpdateCheck = 0730;
				LastUpgradeCheck = 0730;
				ORGANIZATIONNAME = "Girls Who Code";
				TargetAttributes = {
					CCFC8A2D1D510F9C004243FD = {
						CreatedOnToolsVersion = 7.3.1;
					};
					CCFC8A451D510F9C004243FD = {
						CreatedOnToolsVersion = 7.3.1;
						TestTargetID = CCFC8A2D1D510F9C004243FD;
					};
					CCFC8A501D510F9C004243FD = {
						CreatedOnToolsVersion = 7.3.1;
						TestTargetID = CCFC8A2D1D510F9C004243FD;
					};
				};
			};
			buildConfigurationList = CCFC8A291D510F9C004243FD /* Build configuration list for PBXProject "Page Attempt 1 Timer" */;
			compatibilityVersion = "Xcode 3.2";
			developmentRegion = English;
			hasScannedForEncodings = 0;
			knownRegions = (
				en,
				Base,
			);
			mainGroup = CCFC8A251D510F9C004243FD;
			productRefGroup = CCFC8A2F1D510F9C004243FD /* Products */;
			projectDirPath = "";
			projectRoot = "";
			targets = (
				CCFC8A2D1D510F9C004243FD /* Page Attempt 1 Timer */,
				CCFC8A451D510F9C004243FD /* Page Attempt 1 TimerTests */,
				CCFC8A501D510F9C004243FD /* Page Attempt 1 TimerUITests */,
			);
		};
/* End PBXProject section */

/* Begin PBXResourcesBuildPhase section */
		CCFC8A2C1D510F9C004243FD /* Resources */ = {
			isa = PBXResourcesBuildPhase;
			buildActionMask = 2147483647;
			files = (
				CCFC8A401D510F9C004243FD /* LaunchScreen.storyboard in Resources */,
				CCFC8A3D1D510F9C004243FD /* Assets.xcassets in Resources */,
				CCFC8A3B1D510F9C004243FD /* Main.storyboard in Resources */,
			);
			runOnlyForDeploymentPostprocessing = 0;
		};
		CCFC8A441D510F9C004243FD /* Resources */ = {
			isa = PBXResourcesBuildPhase;
			buildActionMask = 2147483647;
			files = (
			);
			runOnlyForDeploymentPostprocessing = 0;
		};
		CCFC8A4F1D510F9C004243FD /* Resources */ = {
			isa = PBXResourcesBuildPhase;
			buildActionMask = 2147483647;
			files = (
			);
			runOnlyForDeploymentPostprocessing = 0;
		};
/* End PBXResourcesBuildPhase section */

/* Begin PBXSourcesBuildPhase section */
		CCFC8A2A1D510F9C004243FD /* Sources */ = {
			isa = PBXSourcesBuildPhase;
			buildActionMask = 2147483647;
			files = (
				CCFC8A341D510F9C004243FD /* RootViewController.swift in Sources */,
				CCFC8A381D510F9C004243FD /* ModelController.swift in Sources */,
				CCFC8A361D510F9C004243FD /* DataViewController.swift in Sources */,
				CCFC8A321D510F9C004243FD /* AppDelegate.swift in Sources */,
			);
			runOnlyForDeploymentPostprocessing = 0;
		};
		CCFC8A421D510F9C004243FD /* Sources */ = {
			isa = PBXSourcesBuildPhase;
			buildActionMask = 2147483647;
			files = (
				CCFC8A4B1D510F9C004243FD /* Page_Attempt_1_TimerTests.swift in Sources */,
			);
			runOnlyForDeploymentPostprocessing = 0;
		};
		CCFC8A4D1D510F9C004243FD /* Sources */ = {
			isa = PBXSourcesBuildPhase;
			buildActionMask = 2147483647;
			files = (
				CCFC8A561D510F9C004243FD /* Page_Attempt_1_TimerUITests.swift in Sources */,
			);
			runOnlyForDeploymentPostprocessing = 0;
		};
/* End PBXSourcesBuildPhase section */

/* Begin PBXTargetDependency section */
		CCFC8A481D510F9C004243FD /* PBXTargetDependency */ = {
			isa = PBXTargetDependency;
			target = CCFC8A2D1D510F9C004243FD /* Page Attempt 1 Timer */;
			targetProxy = CCFC8A471D510F9C004243FD /* PBXContainerItemProxy */;
		};
		CCFC8A531D510F9C004243FD /* PBXTargetDependency */ = {
			isa = PBXTargetDependency;
			target = CCFC8A2D1D510F9C004243FD /* Page Attempt 1 Timer */;
			targetProxy = CCFC8A521D510F9C004243FD /* PBXContainerItemProxy */;
		};
/* End PBXTargetDependency section */

/* Begin PBXVariantGroup section */
		CCFC8A391D510F9C004243FD /* Main.storyboard */ = {
			isa = PBXVariantGroup;
			children = (
				CCFC8A3A1D510F9C004243FD /* Base */,
			);
			name = Main.storyboard;
			sourceTree = "<group>";
		};
		CCFC8A3E1D510F9C004243FD /* LaunchScreen.storyboard */ = {
			isa = PBXVariantGroup;
			children = (
				CCFC8A3F1D510F9C004243FD /* Base */,
			);
			name = LaunchScreen.storyboard;
			sourceTree = "<group>";
		};
/* End PBXVariantGroup section */

/* Begin XCBuildConfiguration section */
		CCFC8A581D510F9C004243FD /* Debug */ = {
			isa = XCBuildConfiguration;
			buildSettings = {
				ALWAYS_SEARCH_USER_PATHS = NO;
				CLANG_ANALYZER_NONNULL = YES;
				CLANG_CXX_LANGUAGE_STANDARD = "gnu++0x";
				CLANG_CXX_LIBRARY = "libc++";
				CLANG_ENABLE_MODULES = YES;
				CLANG_ENABLE_OBJC_ARC = YES;
				CLANG_WARN_BOOL_CONVERSION = YES;
				CLANG_WARN_CONSTANT_CONVERSION = YES;
				CLANG_WARN_DIRECT_OBJC_ISA_USAGE = YES_ERROR;
				CLANG_WARN_EMPTY_BODY = YES;
				CLANG_WARN_ENUM_CONVERSION = YES;
				CLANG_WARN_INT_CONVERSION = YES;
				CLANG_WARN_OBJC_ROOT_CLASS = YES_ERROR;
				CLANG_WARN_UNREACHABLE_CODE = YES;
				CLANG_WARN__DUPLICATE_METHOD_MATCH = YES;
				"CODE_SIGN_IDENTITY[sdk=iphoneos*]" = "iPhone Developer";
				COPY_PHASE_STRIP = NO;
				DEBUG_INFORMATION_FORMAT = dwarf;
				ENABLE_STRICT_OBJC_MSGSEND = YES;
				ENABLE_TESTABILITY = YES;
				GCC_C_LANGUAGE_STANDARD = gnu99;
				GCC_DYNAMIC_NO_PIC = NO;
				GCC_NO_COMMON_BLOCKS = YES;
				GCC_OPTIMIZATION_LEVEL = 0;
				GCC_PREPROCESSOR_DEFINITIONS = (
					"DEBUG=1",
					"$(inherited)",
				);
				GCC_WARN_64_TO_32_BIT_CONVERSION = YES;
				GCC_WARN_ABOUT_RETURN_TYPE = YES_ERROR;
				GCC_WARN_UNDECLARED_SELECTOR = YES;
				GCC_WARN_UNINITIALIZED_AUTOS = YES_AGGRESSIVE;
				GCC_WARN_UNUSED_FUNCTION = YES;
				GCC_WARN_UNUSED_VARIABLE = YES;
				IPHONEOS_DEPLOYMENT_TARGET = 9.3;
				MTL_ENABLE_DEBUG_INFO = YES;
				ONLY_ACTIVE_ARCH = YES;
				SDKROOT = iphoneos;
				SWIFT_OPTIMIZATION_LEVEL = "-Onone";
				TARGETED_DEVICE_FAMILY = "1,2";
			};
			name = Debug;
		};
		CCFC8A591D510F9C004243FD /* Release */ = {
			isa = XCBuildConfiguration;
			buildSettings = {
				ALWAYS_SEARCH_USER_PATHS = NO;
				CLANG_ANALYZER_NONNULL = YES;
				CLANG_CXX_LANGUAGE_STANDARD = "gnu++0x";
				CLANG_CXX_LIBRARY = "libc++";
				CLANG_ENABLE_MODULES = YES;
				CLANG_ENABLE_OBJC_ARC = YES;
				CLANG_WARN_BOOL_CONVERSION = YES;
				CLANG_WARN_CONSTANT_CONVERSION = YES;
				CLANG_WARN_DIRECT_OBJC_ISA_USAGE = YES_ERROR;
				CLANG_WARN_EMPTY_BODY = YES;
				CLANG_WARN_ENUM_CONVERSION = YES;
				CLANG_WARN_INT_CONVERSION = YES;
				CLANG_WARN_OBJC_ROOT_CLASS = YES_ERROR;
				CLANG_WARN_UNREACHABLE_CODE = YES;
				CLANG_WARN__DUPLICATE_METHOD_MATCH = YES;
				"CODE_SIGN_IDENTITY[sdk=iphoneos*]" = "iPhone Developer";
				COPY_PHASE_STRIP = NO;
				DEBUG_INFORMATION_FORMAT = "dwarf-with-dsym";
				ENABLE_NS_ASSERTIONS = NO;
				ENABLE_STRICT_OBJC_MSGSEND = YES;
				GCC_C_LANGUAGE_STANDARD = gnu99;
				GCC_NO_COMMON_BLOCKS = YES;
				GCC_WARN_64_TO_32_BIT_CONVERSION = YES;
				GCC_WARN_ABOUT_RETURN_TYPE = YES_ERROR;
				GCC_WARN_UNDECLARED_SELECTOR = YES;
				GCC_WARN_UNINITIALIZED_AUTOS = YES_AGGRESSIVE;
				GCC_WARN_UNUSED_FUNCTION = YES;
				GCC_WARN_UNUSED_VARIABLE = YES;
				IPHONEOS_DEPLOYMENT_TARGET = 9.3;
				MTL_ENABLE_DEBUG_INFO = NO;
				SDKROOT = iphoneos;
				TARGETED_DEVICE_FAMILY = "1,2";
				VALIDATE_PRODUCT = YES;
			};
			name = Release;
		};
		CCFC8A5B1D510F9C004243FD /* Debug */ = {
			isa = XCBuildConfiguration;
			buildSettings = {
				ASSETCATALOG_COMPILER_APPICON_NAME = AppIcon;
				INFOPLIST_FILE = "Page Attempt 1 Timer/Info.plist";
				LD_RUNPATH_SEARCH_PATHS = "$(inherited) @executable_path/Frameworks";
				PRODUCT_BUNDLE_IDENTIFIER = "Roardash.Page-Attempt-1-Timer";
				PRODUCT_NAME = "$(TARGET_NAME)";
			};
			name = Debug;
		};
		CCFC8A5C1D510F9C004243FD /* Release */ = {
			isa = XCBuildConfiguration;
			buildSettings = {
				ASSETCATALOG_COMPILER_APPICON_NAME = AppIcon;
				INFOPLIST_FILE = "Page Attempt 1 Timer/Info.plist";
				LD_RUNPATH_SEARCH_PATHS = "$(inherited) @executable_path/Frameworks";
				PRODUCT_BUNDLE_IDENTIFIER = "Roardash.Page-Attempt-1-Timer";
				PRODUCT_NAME = "$(TARGET_NAME)";
			};
			name = Release;
		};
		CCFC8A5E1D510F9C004243FD /* Debug */ = {
			isa = XCBuildConfiguration;
			buildSettings = {
				BUNDLE_LOADER = "$(TEST_HOST)";
				INFOPLIST_FILE = "Page Attempt 1 TimerTests/Info.plist";
				LD_RUNPATH_SEARCH_PATHS = "$(inherited) @executable_path/Frameworks @loader_path/Frameworks";
				PRODUCT_BUNDLE_IDENTIFIER = "Roardash.Page-Attempt-1-TimerTests";
				PRODUCT_NAME = "$(TARGET_NAME)";
				TEST_HOST = "$(BUILT_PRODUCTS_DIR)/Page Attempt 1 Timer.app/Page Attempt 1 Timer";
			};
			name = Debug;
		};
		CCFC8A5F1D510F9C004243FD /* Release */ = {
			isa = XCBuildConfiguration;
			buildSettings = {
				BUNDLE_LOADER = "$(TEST_HOST)";
				INFOPLIST_FILE = "Page Attempt 1 TimerTests/Info.plist";
				LD_RUNPATH_SEARCH_PATHS = "$(inherited) @executable_path/Frameworks @loader_path/Frameworks";
				PRODUCT_BUNDLE_IDENTIFIER = "Roardash.Page-Attempt-1-TimerTests";
				PRODUCT_NAME = "$(TARGET_NAME)";
				TEST_HOST = "$(BUILT_PRODUCTS_DIR)/Page Attempt 1 Timer.app/Page Attempt 1 Timer";
			};
			name = Release;
		};
		CCFC8A611D510F9C004243FD /* Debug */ = {
			isa = XCBuildConfiguration;
			buildSettings = {
				INFOPLIST_FILE = "Page Attempt 1 TimerUITests/Info.plist";
				LD_RUNPATH_SEARCH_PATHS = "$(inherited) @executable_path/Frameworks @loader_path/Frameworks";
				PRODUCT_BUNDLE_IDENTIFIER = "Roardash.Page-Attempt-1-TimerUITests";
				PRODUCT_NAME = "$(TARGET_NAME)";
				TEST_TARGET_NAME = "Page Attempt 1 Timer";
			};
			name = Debug;
		};
		CCFC8A621D510F9C004243FD /* Release */ = {
			isa = XCBuildConfiguration;
			buildSettings = {
				INFOPLIST_FILE = "Page Attempt 1 TimerUITests/Info.plist";
				LD_RUNPATH_SEARCH_PATHS = "$(inherited) @executable_path/Frameworks @loader_path/Frameworks";
				PRODUCT_BUNDLE_IDENTIFIER = "Roardash.Page-Attempt-1-TimerUITests";
				PRODUCT_NAME = "$(TARGET_NAME)";
				TEST_TARGET_NAME = "Page Attempt 1 Timer";
			};
			name = Release;
		};
/* End XCBuildConfiguration section */

/* Begin XCConfigurationList section */
		CCFC8A291D510F9C004243FD /* Build configuration list for PBXProject "Page Attempt 1 Timer" */ = {
			isa = XCConfigurationList;
			buildConfigurations = (
				CCFC8A581D510F9C004243FD /* Debug */,
				CCFC8A591D510F9C004243FD /* Release */,
			);
			defaultConfigurationIsVisible = 0;
			defaultConfigurationName = Release;
		};
		CCFC8A5A1D510F9C004243FD /* Build configuration list for PBXNativeTarget "Page Attempt 1 Timer" */ = {
			isa = XCConfigurationList;
			buildConfigurations = (
				CCFC8A5B1D510F9C004243FD /* Debug */,
				CCFC8A5C1D510F9C004243FD /* Release */,
			);
			defaultConfigurationIsVisible = 0;
		};
		CCFC8A5D1D510F9C004243FD /* Build configuration list for PBXNativeTarget "Page Attempt 1 TimerTests" */ = {
			isa = XCConfigurationList;
			buildConfigurations = (
				CCFC8A5E1D510F9C004243FD /* Debug */,
				CCFC8A5F1D510F9C004243FD /* Release */,
			);
			defaultConfigurationIsVisible = 0;
		};
		CCFC8A601D510F9C004243FD /* Build configuration list for PBXNativeTarget "Page Attempt 1 TimerUITests" */ = {
			isa = XCConfigurationList;
			buildConfigurations = (
				CCFC8A611D510F9C004243FD /* Debug */,
				CCFC8A621D510F9C004243FD /* Release */,
			);
			defaultConfigurationIsVisible = 0;
		};
/* End XCConfigurationList section */
	};
	rootObject = CCFC8A261D510F9C004243FD /* Project object */;
}
