// !$*UTF8*$!
{
	archiveVersion = 1;
	classes = {
	};
	objectVersion = 46;
	objects = {

/* Begin PBXBuildFile section */
		CCE0C1041D53BEFF000E2943 /* AppDelegate.swift in Sources */ = {isa = PBXBuildFile; fileRef = CCE0C1031D53BEFF000E2943 /* AppDelegate.swift */; };
		CCE0C1061D53BEFF000E2943 /* ViewController.swift in Sources */ = {isa = PBXBuildFile; fileRef = CCE0C1051D53BEFF000E2943 /* ViewController.swift */; };
		CCE0C1091D53BEFF000E2943 /* Main.storyboard in Resources */ = {isa = PBXBuildFile; fileRef = CCE0C1071D53BEFF000E2943 /* Main.storyboard */; };
		CCE0C10B1D53BEFF000E2943 /* Assets.xcassets in Resources */ = {isa = PBXBuildFile; fileRef = CCE0C10A1D53BEFF000E2943 /* Assets.xcassets */; };
		CCE0C10E1D53BEFF000E2943 /* LaunchScreen.storyboard in Resources */ = {isa = PBXBuildFile; fileRef = CCE0C10C1D53BEFF000E2943 /* LaunchScreen.storyboard */; };
		CCE0C1191D53BEFF000E2943 /* SplittingViewOfScreenTests.swift in Sources */ = {isa = PBXBuildFile; fileRef = CCE0C1181D53BEFF000E2943 /* SplittingViewOfScreenTests.swift */; };
		CCE0C1241D53BEFF000E2943 /* SplittingViewOfScreenUITests.swift in Sources */ = {isa = PBXBuildFile; fileRef = CCE0C1231D53BEFF000E2943 /* SplittingViewOfScreenUITests.swift */; };
		CCE0C1321D53C1FB000E2943 /* DaughterView.swift in Sources */ = {isa = PBXBuildFile; fileRef = CCE0C1311D53C1FB000E2943 /* DaughterView.swift */; };
		CCE0C1341D53CB59000E2943 /* lion_icon.png in Resources */ = {isa = PBXBuildFile; fileRef = CCE0C1331D53CB59000E2943 /* lion_icon.png */; };
/* End PBXBuildFile section */

/* Begin PBXContainerItemProxy section */
		CCE0C1151D53BEFF000E2943 /* PBXContainerItemProxy */ = {
			isa = PBXContainerItemProxy;
			containerPortal = CCE0C0F81D53BEFF000E2943 /* Project object */;
			proxyType = 1;
			remoteGlobalIDString = CCE0C0FF1D53BEFF000E2943;
			remoteInfo = SplittingViewOfScreen;
		};
		CCE0C1201D53BEFF000E2943 /* PBXContainerItemProxy */ = {
			isa = PBXContainerItemProxy;
			containerPortal = CCE0C0F81D53BEFF000E2943 /* Project object */;
			proxyType = 1;
			remoteGlobalIDString = CCE0C0FF1D53BEFF000E2943;
			remoteInfo = SplittingViewOfScreen;
		};
/* End PBXContainerItemProxy section */

/* Begin PBXFileReference section */
		CCE0C1001D53BEFF000E2943 /* SplittingViewOfScreen.app */ = {isa = PBXFileReference; explicitFileType = wrapper.application; includeInIndex = 0; path = SplittingViewOfScreen.app; sourceTree = BUILT_PRODUCTS_DIR; };
		CCE0C1031D53BEFF000E2943 /* AppDelegate.swift */ = {isa = PBXFileReference; lastKnownFileType = sourcecode.swift; path = AppDelegate.swift; sourceTree = "<group>"; };
		CCE0C1051D53BEFF000E2943 /* ViewController.swift */ = {isa = PBXFileReference; lastKnownFileType = sourcecode.swift; path = ViewController.swift; sourceTree = "<group>"; };
		CCE0C1081D53BEFF000E2943 /* Base */ = {isa = PBXFileReference; lastKnownFileType = file.storyboard; name = Base; path = Base.lproj/Main.storyboard; sourceTree = "<group>"; };
		CCE0C10A1D53BEFF000E2943 /* Assets.xcassets */ = {isa = PBXFileReference; lastKnownFileType = folder.assetcatalog; path = Assets.xcassets; sourceTree = "<group>"; };
		CCE0C10D1D53BEFF000E2943 /* Base */ = {isa = PBXFileReference; lastKnownFileType = file.storyboard; name = Base; path = Base.lproj/LaunchScreen.storyboard; sourceTree = "<group>"; };
		CCE0C10F1D53BEFF000E2943 /* Info.plist */ = {isa = PBXFileReference; lastKnownFileType = text.plist.xml; path = Info.plist; sourceTree = "<group>"; };
		CCE0C1141D53BEFF000E2943 /* SplittingViewOfScreenTests.xctest */ = {isa = PBXFileReference; explicitFileType = wrapper.cfbundle; includeInIndex = 0; path = SplittingViewOfScreenTests.xctest; sourceTree = BUILT_PRODUCTS_DIR; };
		CCE0C1181D53BEFF000E2943 /* SplittingViewOfScreenTests.swift */ = {isa = PBXFileReference; lastKnownFileType = sourcecode.swift; path = SplittingViewOfScreenTests.swift; sourceTree = "<group>"; };
		CCE0C11A1D53BEFF000E2943 /* Info.plist */ = {isa = PBXFileReference; lastKnownFileType = text.plist.xml; path = Info.plist; sourceTree = "<group>"; };
		CCE0C11F1D53BEFF000E2943 /* SplittingViewOfScreenUITests.xctest */ = {isa = PBXFileReference; explicitFileType = wrapper.cfbundle; includeInIndex = 0; path = SplittingViewOfScreenUITests.xctest; sourceTree = BUILT_PRODUCTS_DIR; };
		CCE0C1231D53BEFF000E2943 /* SplittingViewOfScreenUITests.swift */ = {isa = PBXFileReference; lastKnownFileType = sourcecode.swift; path = SplittingViewOfScreenUITests.swift; sourceTree = "<group>"; };
		CCE0C1251D53BEFF000E2943 /* Info.plist */ = {isa = PBXFileReference; lastKnownFileType = text.plist.xml; path = Info.plist; sourceTree = "<group>"; };
		CCE0C1311D53C1FB000E2943 /* DaughterView.swift */ = {isa = PBXFileReference; fileEncoding = 4; lastKnownFileType = sourcecode.swift; path = DaughterView.swift; sourceTree = "<group>"; };
		CCE0C1331D53CB59000E2943 /* lion_icon.png */ = {isa = PBXFileReference; lastKnownFileType = image.png; path = lion_icon.png; sourceTree = "<group>"; };
/* End PBXFileReference section */

/* Begin PBXFrameworksBuildPhase section */
		CCE0C0FD1D53BEFF000E2943 /* Frameworks */ = {
			isa = PBXFrameworksBuildPhase;
			buildActionMask = 2147483647;
			files = (
			);
			runOnlyForDeploymentPostprocessing = 0;
		};
		CCE0C1111D53BEFF000E2943 /* Frameworks */ = {
			isa = PBXFrameworksBuildPhase;
			buildActionMask = 2147483647;
			files = (
			);
			runOnlyForDeploymentPostprocessing = 0;
		};
		CCE0C11C1D53BEFF000E2943 /* Frameworks */ = {
			isa = PBXFrameworksBuildPhase;
			buildActionMask = 2147483647;
			files = (
			);
			runOnlyForDeploymentPostprocessing = 0;
		};
/* End PBXFrameworksBuildPhase section */

/* Begin PBXGroup section */
		CCE0C0F71D53BEFF000E2943 = {
			isa = PBXGroup;
			children = (
				CCE0C1021D53BEFF000E2943 /* SplittingViewOfScreen */,
				CCE0C1171D53BEFF000E2943 /* SplittingViewOfScreenTests */,
				CCE0C1221D53BEFF000E2943 /* SplittingViewOfScreenUITests */,
				CCE0C1011D53BEFF000E2943 /* Products */,
			);
			sourceTree = "<group>";
		};
		CCE0C1011D53BEFF000E2943 /* Products */ = {
			isa = PBXGroup;
			children = (
				CCE0C1001D53BEFF000E2943 /* SplittingViewOfScreen.app */,
				CCE0C1141D53BEFF000E2943 /* SplittingViewOfScreenTests.xctest */,
				CCE0C11F1D53BEFF000E2943 /* SplittingViewOfScreenUITests.xctest */,
			);
			name = Products;
			sourceTree = "<group>";
		};
		CCE0C1021D53BEFF000E2943 /* SplittingViewOfScreen */ = {
			isa = PBXGroup;
			children = (
				CCE0C1031D53BEFF000E2943 /* AppDelegate.swift */,
				CCE0C1051D53BEFF000E2943 /* ViewController.swift */,
				CCE0C1311D53C1FB000E2943 /* DaughterView.swift */,
				CCE0C1071D53BEFF000E2943 /* Main.storyboard */,
				CCE0C1331D53CB59000E2943 /* lion_icon.png */,
				CCE0C10A1D53BEFF000E2943 /* Assets.xcassets */,
				CCE0C10C1D53BEFF000E2943 /* LaunchScreen.storyboard */,
				CCE0C10F1D53BEFF000E2943 /* Info.plist */,
			);
			path = SplittingViewOfScreen;
			sourceTree = "<group>";
		};
		CCE0C1171D53BEFF000E2943 /* SplittingViewOfScreenTests */ = {
			isa = PBXGroup;
			children = (
				CCE0C1181D53BEFF000E2943 /* SplittingViewOfScreenTests.swift */,
				CCE0C11A1D53BEFF000E2943 /* Info.plist */,
			);
			path = SplittingViewOfScreenTests;
			sourceTree = "<group>";
		};
		CCE0C1221D53BEFF000E2943 /* SplittingViewOfScreenUITests */ = {
			isa = PBXGroup;
			children = (
				CCE0C1231D53BEFF000E2943 /* SplittingViewOfScreenUITests.swift */,
				CCE0C1251D53BEFF000E2943 /* Info.plist */,
			);
			path = SplittingViewOfScreenUITests;
			sourceTree = "<group>";
		};
/* End PBXGroup section */

/* Begin PBXNativeTarget section */
		CCE0C0FF1D53BEFF000E2943 /* SplittingViewOfScreen */ = {
			isa = PBXNativeTarget;
			buildConfigurationList = CCE0C1281D53BEFF000E2943 /* Build configuration list for PBXNativeTarget "SplittingViewOfScreen" */;
			buildPhases = (
				CCE0C0FC1D53BEFF000E2943 /* Sources */,
				CCE0C0FD1D53BEFF000E2943 /* Frameworks */,
				CCE0C0FE1D53BEFF000E2943 /* Resources */,
			);
			buildRules = (
			);
			dependencies = (
			);
			name = SplittingViewOfScreen;
			productName = SplittingViewOfScreen;
			productReference = CCE0C1001D53BEFF000E2943 /* SplittingViewOfScreen.app */;
			productType = "com.apple.product-type.application";
		};
		CCE0C1131D53BEFF000E2943 /* SplittingViewOfScreenTests */ = {
			isa = PBXNativeTarget;
			buildConfigurationList = CCE0C12B1D53BEFF000E2943 /* Build configuration list for PBXNativeTarget "SplittingViewOfScreenTests" */;
			buildPhases = (
				CCE0C1101D53BEFF000E2943 /* Sources */,
				CCE0C1111D53BEFF000E2943 /* Frameworks */,
				CCE0C1121D53BEFF000E2943 /* Resources */,
			);
			buildRules = (
			);
			dependencies = (
				CCE0C1161D53BEFF000E2943 /* PBXTargetDependency */,
			);
			name = SplittingViewOfScreenTests;
			productName = SplittingViewOfScreenTests;
			productReference = CCE0C1141D53BEFF000E2943 /* SplittingViewOfScreenTests.xctest */;
			productType = "com.apple.product-type.bundle.unit-test";
		};
		CCE0C11E1D53BEFF000E2943 /* SplittingViewOfScreenUITests */ = {
			isa = PBXNativeTarget;
			buildConfigurationList = CCE0C12E1D53BEFF000E2943 /* Build configuration list for PBXNativeTarget "SplittingViewOfScreenUITests" */;
			buildPhases = (
				CCE0C11B1D53BEFF000E2943 /* Sources */,
				CCE0C11C1D53BEFF000E2943 /* Frameworks */,
				CCE0C11D1D53BEFF000E2943 /* Resources */,
			);
			buildRules = (
			);
			dependencies = (
				CCE0C1211D53BEFF000E2943 /* PBXTargetDependency */,
			);
			name = SplittingViewOfScreenUITests;
			productName = SplittingViewOfScreenUITests;
			productReference = CCE0C11F1D53BEFF000E2943 /* SplittingViewOfScreenUITests.xctest */;
			productType = "com.apple.product-type.bundle.ui-testing";
		};
/* End PBXNativeTarget section */

/* Begin PBXProject section */
		CCE0C0F81D53BEFF000E2943 /* Project object */ = {
			isa = PBXProject;
			attributes = {
				LastSwiftUpdateCheck = 0730;
				LastUpgradeCheck = 0730;
				ORGANIZATIONNAME = "Girls Who Code";
				TargetAttributes = {
					CCE0C0FF1D53BEFF000E2943 = {
						CreatedOnToolsVersion = 7.3.1;
					};
					CCE0C1131D53BEFF000E2943 = {
						CreatedOnToolsVersion = 7.3.1;
						TestTargetID = CCE0C0FF1D53BEFF000E2943;
					};
					CCE0C11E1D53BEFF000E2943 = {
						CreatedOnToolsVersion = 7.3.1;
						TestTargetID = CCE0C0FF1D53BEFF000E2943;
					};
				};
			};
			buildConfigurationList = CCE0C0FB1D53BEFF000E2943 /* Build configuration list for PBXProject "SplittingViewOfScreen" */;
			compatibilityVersion = "Xcode 3.2";
			developmentRegion = English;
			hasScannedForEncodings = 0;
			knownRegions = (
				en,
				Base,
			);
			mainGroup = CCE0C0F71D53BEFF000E2943;
			productRefGroup = CCE0C1011D53BEFF000E2943 /* Products */;
			projectDirPath = "";
			projectRoot = "";
			targets = (
				CCE0C0FF1D53BEFF000E2943 /* SplittingViewOfScreen */,
				CCE0C1131D53BEFF000E2943 /* SplittingViewOfScreenTests */,
				CCE0C11E1D53BEFF000E2943 /* SplittingViewOfScreenUITests */,
			);
		};
/* End PBXProject section */

/* Begin PBXResourcesBuildPhase section */
		CCE0C0FE1D53BEFF000E2943 /* Resources */ = {
			isa = PBXResourcesBuildPhase;
			buildActionMask = 2147483647;
			files = (
				CCE0C10E1D53BEFF000E2943 /* LaunchScreen.storyboard in Resources */,
				CCE0C10B1D53BEFF000E2943 /* Assets.xcassets in Resources */,
				CCE0C1341D53CB59000E2943 /* lion_icon.png in Resources */,
				CCE0C1091D53BEFF000E2943 /* Main.storyboard in Resources */,
			);
			runOnlyForDeploymentPostprocessing = 0;
		};
		CCE0C1121D53BEFF000E2943 /* Resources */ = {
			isa = PBXResourcesBuildPhase;
			buildActionMask = 2147483647;
			files = (
			);
			runOnlyForDeploymentPostprocessing = 0;
		};
		CCE0C11D1D53BEFF000E2943 /* Resources */ = {
			isa = PBXResourcesBuildPhase;
			buildActionMask = 2147483647;
			files = (
			);
			runOnlyForDeploymentPostprocessing = 0;
		};
/* End PBXResourcesBuildPhase section */

/* Begin PBXSourcesBuildPhase section */
		CCE0C0FC1D53BEFF000E2943 /* Sources */ = {
			isa = PBXSourcesBuildPhase;
			buildActionMask = 2147483647;
			files = (
				CCE0C1061D53BEFF000E2943 /* ViewController.swift in Sources */,
				CCE0C1321D53C1FB000E2943 /* DaughterView.swift in Sources */,
				CCE0C1041D53BEFF000E2943 /* AppDelegate.swift in Sources */,
			);
			runOnlyForDeploymentPostprocessing = 0;
		};
		CCE0C1101D53BEFF000E2943 /* Sources */ = {
			isa = PBXSourcesBuildPhase;
			buildActionMask = 2147483647;
			files = (
				CCE0C1191D53BEFF000E2943 /* SplittingViewOfScreenTests.swift in Sources */,
			);
			runOnlyForDeploymentPostprocessing = 0;
		};
		CCE0C11B1D53BEFF000E2943 /* Sources */ = {
			isa = PBXSourcesBuildPhase;
			buildActionMask = 2147483647;
			files = (
				CCE0C1241D53BEFF000E2943 /* SplittingViewOfScreenUITests.swift in Sources */,
			);
			runOnlyForDeploymentPostprocessing = 0;
		};
/* End PBXSourcesBuildPhase section */

/* Begin PBXTargetDependency section */
		CCE0C1161D53BEFF000E2943 /* PBXTargetDependency */ = {
			isa = PBXTargetDependency;
			target = CCE0C0FF1D53BEFF000E2943 /* SplittingViewOfScreen */;
			targetProxy = CCE0C1151D53BEFF000E2943 /* PBXContainerItemProxy */;
		};
		CCE0C1211D53BEFF000E2943 /* PBXTargetDependency */ = {
			isa = PBXTargetDependency;
			target = CCE0C0FF1D53BEFF000E2943 /* SplittingViewOfScreen */;
			targetProxy = CCE0C1201D53BEFF000E2943 /* PBXContainerItemProxy */;
		};
/* End PBXTargetDependency section */

/* Begin PBXVariantGroup section */
		CCE0C1071D53BEFF000E2943 /* Main.storyboard */ = {
			isa = PBXVariantGroup;
			children = (
				CCE0C1081D53BEFF000E2943 /* Base */,
			);
			name = Main.storyboard;
			sourceTree = "<group>";
		};
		CCE0C10C1D53BEFF000E2943 /* LaunchScreen.storyboard */ = {
			isa = PBXVariantGroup;
			children = (
				CCE0C10D1D53BEFF000E2943 /* Base */,
			);
			name = LaunchScreen.storyboard;
			sourceTree = "<group>";
		};
/* End PBXVariantGroup section */

/* Begin XCBuildConfiguration section */
		CCE0C1261D53BEFF000E2943 /* Debug */ = {
			isa = XCBuildConfiguration;
			buildSettings = {
				ALWAYS_SEARCH_USER_PATHS = NO;
				CLANG_ANALYZER_NONNULL = YES;
				CLANG_CXX_LANGUAGE_STANDARD = "gnu++0x";
				CLANG_CXX_LIBRARY = "libc++";
				CLANG_ENABLE_MODULES = YES;
				CLANG_ENABLE_OBJC_ARC = YES;
				CLANG_WARN_BOOL_CONVERSION = YES;
				CLANG_WARN_CONSTANT_CONVERSION = YES;
				CLANG_WARN_DIRECT_OBJC_ISA_USAGE = YES_ERROR;
				CLANG_WARN_EMPTY_BODY = YES;
				CLANG_WARN_ENUM_CONVERSION = YES;
				CLANG_WARN_INT_CONVERSION = YES;
				CLANG_WARN_OBJC_ROOT_CLASS = YES_ERROR;
				CLANG_WARN_UNREACHABLE_CODE = YES;
				CLANG_WARN__DUPLICATE_METHOD_MATCH = YES;
				"CODE_SIGN_IDENTITY[sdk=iphoneos*]" = "iPhone Developer";
				COPY_PHASE_STRIP = NO;
				DEBUG_INFORMATION_FORMAT = dwarf;
				ENABLE_STRICT_OBJC_MSGSEND = YES;
				ENABLE_TESTABILITY = YES;
				GCC_C_LANGUAGE_STANDARD = gnu99;
				GCC_DYNAMIC_NO_PIC = NO;
				GCC_NO_COMMON_BLOCKS = YES;
				GCC_OPTIMIZATION_LEVEL = 0;
				GCC_PREPROCESSOR_DEFINITIONS = (
					"DEBUG=1",
					"$(inherited)",
				);
				GCC_WARN_64_TO_32_BIT_CONVERSION = YES;
				GCC_WARN_ABOUT_RETURN_TYPE = YES_ERROR;
				GCC_WARN_UNDECLARED_SELECTOR = YES;
				GCC_WARN_UNINITIALIZED_AUTOS = YES_AGGRESSIVE;
				GCC_WARN_UNUSED_FUNCTION = YES;
				GCC_WARN_UNUSED_VARIABLE = YES;
				IPHONEOS_DEPLOYMENT_TARGET = 9.3;
				MTL_ENABLE_DEBUG_INFO = YES;
				ONLY_ACTIVE_ARCH = YES;
				SDKROOT = iphoneos;
				SWIFT_OPTIMIZATION_LEVEL = "-Onone";
				TARGETED_DEVICE_FAMILY = "1,2";
			};
			name = Debug;
		};
		CCE0C1271D53BEFF000E2943 /* Release */ = {
			isa = XCBuildConfiguration;
			buildSettings = {
				ALWAYS_SEARCH_USER_PATHS = NO;
				CLANG_ANALYZER_NONNULL = YES;
				CLANG_CXX_LANGUAGE_STANDARD = "gnu++0x";
				CLANG_CXX_LIBRARY = "libc++";
				CLANG_ENABLE_MODULES = YES;
				CLANG_ENABLE_OBJC_ARC = YES;
				CLANG_WARN_BOOL_CONVERSION = YES;
				CLANG_WARN_CONSTANT_CONVERSION = YES;
				CLANG_WARN_DIRECT_OBJC_ISA_USAGE = YES_ERROR;
				CLANG_WARN_EMPTY_BODY = YES;
				CLANG_WARN_ENUM_CONVERSION = YES;
				CLANG_WARN_INT_CONVERSION = YES;
				CLANG_WARN_OBJC_ROOT_CLASS = YES_ERROR;
				CLANG_WARN_UNREACHABLE_CODE = YES;
				CLANG_WARN__DUPLICATE_METHOD_MATCH = YES;
				"CODE_SIGN_IDENTITY[sdk=iphoneos*]" = "iPhone Developer";
				COPY_PHASE_STRIP = NO;
				DEBUG_INFORMATION_FORMAT = "dwarf-with-dsym";
				ENABLE_NS_ASSERTIONS = NO;
				ENABLE_STRICT_OBJC_MSGSEND = YES;
				GCC_C_LANGUAGE_STANDARD = gnu99;
				GCC_NO_COMMON_BLOCKS = YES;
				GCC_WARN_64_TO_32_BIT_CONVERSION = YES;
				GCC_WARN_ABOUT_RETURN_TYPE = YES_ERROR;
				GCC_WARN_UNDECLARED_SELECTOR = YES;
				GCC_WARN_UNINITIALIZED_AUTOS = YES_AGGRESSIVE;
				GCC_WARN_UNUSED_FUNCTION = YES;
				GCC_WARN_UNUSED_VARIABLE = YES;
				IPHONEOS_DEPLOYMENT_TARGET = 9.3;
				MTL_ENABLE_DEBUG_INFO = NO;
				SDKROOT = iphoneos;
				TARGETED_DEVICE_FAMILY = "1,2";
				VALIDATE_PRODUCT = YES;
			};
			name = Release;
		};
		CCE0C1291D53BEFF000E2943 /* Debug */ = {
			isa = XCBuildConfiguration;
			buildSettings = {
				ASSETCATALOG_COMPILER_APPICON_NAME = AppIcon;
				INFOPLIST_FILE = SplittingViewOfScreen/Info.plist;
				LD_RUNPATH_SEARCH_PATHS = "$(inherited) @executable_path/Frameworks";
				PRODUCT_BUNDLE_IDENTIFIER = Roardash.SplittingViewOfScreen;
				PRODUCT_NAME = "$(TARGET_NAME)";
			};
			name = Debug;
		};
		CCE0C12A1D53BEFF000E2943 /* Release */ = {
			isa = XCBuildConfiguration;
			buildSettings = {
				ASSETCATALOG_COMPILER_APPICON_NAME = AppIcon;
				INFOPLIST_FILE = SplittingViewOfScreen/Info.plist;
				LD_RUNPATH_SEARCH_PATHS = "$(inherited) @executable_path/Frameworks";
				PRODUCT_BUNDLE_IDENTIFIER = Roardash.SplittingViewOfScreen;
				PRODUCT_NAME = "$(TARGET_NAME)";
			};
			name = Release;
		};
		CCE0C12C1D53BEFF000E2943 /* Debug */ = {
			isa = XCBuildConfiguration;
			buildSettings = {
				BUNDLE_LOADER = "$(TEST_HOST)";
				INFOPLIST_FILE = SplittingViewOfScreenTests/Info.plist;
				LD_RUNPATH_SEARCH_PATHS = "$(inherited) @executable_path/Frameworks @loader_path/Frameworks";
				PRODUCT_BUNDLE_IDENTIFIER = Roardash.SplittingViewOfScreenTests;
				PRODUCT_NAME = "$(TARGET_NAME)";
				TEST_HOST = "$(BUILT_PRODUCTS_DIR)/SplittingViewOfScreen.app/SplittingViewOfScreen";
			};
			name = Debug;
		};
		CCE0C12D1D53BEFF000E2943 /* Release */ = {
			isa = XCBuildConfiguration;
			buildSettings = {
				BUNDLE_LOADER = "$(TEST_HOST)";
				INFOPLIST_FILE = SplittingViewOfScreenTests/Info.plist;
				LD_RUNPATH_SEARCH_PATHS = "$(inherited) @executable_path/Frameworks @loader_path/Frameworks";
				PRODUCT_BUNDLE_IDENTIFIER = Roardash.SplittingViewOfScreenTests;
				PRODUCT_NAME = "$(TARGET_NAME)";
				TEST_HOST = "$(BUILT_PRODUCTS_DIR)/SplittingViewOfScreen.app/SplittingViewOfScreen";
			};
			name = Release;
		};
		CCE0C12F1D53BEFF000E2943 /* Debug */ = {
			isa = XCBuildConfiguration;
			buildSettings = {
				INFOPLIST_FILE = SplittingViewOfScreenUITests/Info.plist;
				LD_RUNPATH_SEARCH_PATHS = "$(inherited) @executable_path/Frameworks @loader_path/Frameworks";
				PRODUCT_BUNDLE_IDENTIFIER = Roardash.SplittingViewOfScreenUITests;
				PRODUCT_NAME = "$(TARGET_NAME)";
				TEST_TARGET_NAME = SplittingViewOfScreen;
			};
			name = Debug;
		};
		CCE0C1301D53BEFF000E2943 /* Release */ = {
			isa = XCBuildConfiguration;
			buildSettings = {
				INFOPLIST_FILE = SplittingViewOfScreenUITests/Info.plist;
				LD_RUNPATH_SEARCH_PATHS = "$(inherited) @executable_path/Frameworks @loader_path/Frameworks";
				PRODUCT_BUNDLE_IDENTIFIER = Roardash.SplittingViewOfScreenUITests;
				PRODUCT_NAME = "$(TARGET_NAME)";
				TEST_TARGET_NAME = SplittingViewOfScreen;
			};
			name = Release;
		};
/* End XCBuildConfiguration section */

/* Begin XCConfigurationList section */
		CCE0C0FB1D53BEFF000E2943 /* Build configuration list for PBXProject "SplittingViewOfScreen" */ = {
			isa = XCConfigurationList;
			buildConfigurations = (
				CCE0C1261D53BEFF000E2943 /* Debug */,
				CCE0C1271D53BEFF000E2943 /* Release */,
			);
			defaultConfigurationIsVisible = 0;
			defaultConfigurationName = Release;
		};
		CCE0C1281D53BEFF000E2943 /* Build configuration list for PBXNativeTarget "SplittingViewOfScreen" */ = {
			isa = XCConfigurationList;
			buildConfigurations = (
				CCE0C1291D53BEFF000E2943 /* Debug */,
				CCE0C12A1D53BEFF000E2943 /* Release */,
			);
			defaultConfigurationIsVisible = 0;
		};
		CCE0C12B1D53BEFF000E2943 /* Build configuration list for PBXNativeTarget "SplittingViewOfScreenTests" */ = {
			isa = XCConfigurationList;
			buildConfigurations = (
				CCE0C12C1D53BEFF000E2943 /* Debug */,
				CCE0C12D1D53BEFF000E2943 /* Release */,
			);
			defaultConfigurationIsVisible = 0;
		};
		CCE0C12E1D53BEFF000E2943 /* Build configuration list for PBXNativeTarget "SplittingViewOfScreenUITests" */ = {
			isa = XCConfigurationList;
			buildConfigurations = (
				CCE0C12F1D53BEFF000E2943 /* Debug */,
				CCE0C1301D53BEFF000E2943 /* Release */,
			);
			defaultConfigurationIsVisible = 0;
		};
/* End XCConfigurationList section */
	};
	rootObject = CCE0C0F81D53BEFF000E2943 /* Project object */;
}
