// !$*UTF8*$!
{
	archiveVersion = 1;
	classes = {
	};
	objectVersion = 46;
	objects = {

/* Begin PBXBuildFile section */
		CCC2AD421D539C2100740559 /* AppDelegate.swift in Sources */ = {isa = PBXBuildFile; fileRef = CCC2AD411D539C2100740559 /* AppDelegate.swift */; };
		CCC2AD441D539C2100740559 /* ViewController.swift in Sources */ = {isa = PBXBuildFile; fileRef = CCC2AD431D539C2100740559 /* ViewController.swift */; };
		CCC2AD471D539C2100740559 /* Main.storyboard in Resources */ = {isa = PBXBuildFile; fileRef = CCC2AD451D539C2100740559 /* Main.storyboard */; };
		CCC2AD491D539C2100740559 /* Assets.xcassets in Resources */ = {isa = PBXBuildFile; fileRef = CCC2AD481D539C2100740559 /* Assets.xcassets */; };
		CCC2AD571D539C2100740559 /* StartScreenTests.swift in Sources */ = {isa = PBXBuildFile; fileRef = CCC2AD561D539C2100740559 /* StartScreenTests.swift */; };
		CCC2AD621D539C2100740559 /* StartScreenUITests.swift in Sources */ = {isa = PBXBuildFile; fileRef = CCC2AD611D539C2100740559 /* StartScreenUITests.swift */; };
/* End PBXBuildFile section */

/* Begin PBXContainerItemProxy section */
		CCC2AD531D539C2100740559 /* PBXContainerItemProxy */ = {
			isa = PBXContainerItemProxy;
			containerPortal = CCC2AD361D539C2100740559 /* Project object */;
			proxyType = 1;
			remoteGlobalIDString = CCC2AD3D1D539C2100740559;
			remoteInfo = StartScreen;
		};
		CCC2AD5E1D539C2100740559 /* PBXContainerItemProxy */ = {
			isa = PBXContainerItemProxy;
			containerPortal = CCC2AD361D539C2100740559 /* Project object */;
			proxyType = 1;
			remoteGlobalIDString = CCC2AD3D1D539C2100740559;
			remoteInfo = StartScreen;
		};
/* End PBXContainerItemProxy section */

/* Begin PBXFileReference section */
		CCC2AD3E1D539C2100740559 /* StartScreen.app */ = {isa = PBXFileReference; explicitFileType = wrapper.application; includeInIndex = 0; path = StartScreen.app; sourceTree = BUILT_PRODUCTS_DIR; };
		CCC2AD411D539C2100740559 /* AppDelegate.swift */ = {isa = PBXFileReference; lastKnownFileType = sourcecode.swift; path = AppDelegate.swift; sourceTree = "<group>"; };
		CCC2AD431D539C2100740559 /* ViewController.swift */ = {isa = PBXFileReference; lastKnownFileType = sourcecode.swift; path = ViewController.swift; sourceTree = "<group>"; };
		CCC2AD461D539C2100740559 /* Base */ = {isa = PBXFileReference; lastKnownFileType = file.storyboard; name = Base; path = Base.lproj/Main.storyboard; sourceTree = "<group>"; };
		CCC2AD481D539C2100740559 /* Assets.xcassets */ = {isa = PBXFileReference; lastKnownFileType = folder.assetcatalog; path = Assets.xcassets; sourceTree = "<group>"; };
		CCC2AD4D1D539C2100740559 /* Info.plist */ = {isa = PBXFileReference; lastKnownFileType = text.plist.xml; path = Info.plist; sourceTree = "<group>"; };
		CCC2AD521D539C2100740559 /* StartScreenTests.xctest */ = {isa = PBXFileReference; explicitFileType = wrapper.cfbundle; includeInIndex = 0; path = StartScreenTests.xctest; sourceTree = BUILT_PRODUCTS_DIR; };
		CCC2AD561D539C2100740559 /* StartScreenTests.swift */ = {isa = PBXFileReference; lastKnownFileType = sourcecode.swift; path = StartScreenTests.swift; sourceTree = "<group>"; };
		CCC2AD581D539C2100740559 /* Info.plist */ = {isa = PBXFileReference; lastKnownFileType = text.plist.xml; path = Info.plist; sourceTree = "<group>"; };
		CCC2AD5D1D539C2100740559 /* StartScreenUITests.xctest */ = {isa = PBXFileReference; explicitFileType = wrapper.cfbundle; includeInIndex = 0; path = StartScreenUITests.xctest; sourceTree = BUILT_PRODUCTS_DIR; };
		CCC2AD611D539C2100740559 /* StartScreenUITests.swift */ = {isa = PBXFileReference; lastKnownFileType = sourcecode.swift; path = StartScreenUITests.swift; sourceTree = "<group>"; };
		CCC2AD631D539C2100740559 /* Info.plist */ = {isa = PBXFileReference; lastKnownFileType = text.plist.xml; path = Info.plist; sourceTree = "<group>"; };
/* End PBXFileReference section */

/* Begin PBXFrameworksBuildPhase section */
		CCC2AD3B1D539C2100740559 /* Frameworks */ = {
			isa = PBXFrameworksBuildPhase;
			buildActionMask = 2147483647;
			files = (
			);
			runOnlyForDeploymentPostprocessing = 0;
		};
		CCC2AD4F1D539C2100740559 /* Frameworks */ = {
			isa = PBXFrameworksBuildPhase;
			buildActionMask = 2147483647;
			files = (
			);
			runOnlyForDeploymentPostprocessing = 0;
		};
		CCC2AD5A1D539C2100740559 /* Frameworks */ = {
			isa = PBXFrameworksBuildPhase;
			buildActionMask = 2147483647;
			files = (
			);
			runOnlyForDeploymentPostprocessing = 0;
		};
/* End PBXFrameworksBuildPhase section */

/* Begin PBXGroup section */
		CCC2AD351D539C2100740559 = {
			isa = PBXGroup;
			children = (
				CCC2AD401D539C2100740559 /* StartScreen */,
				CCC2AD551D539C2100740559 /* StartScreenTests */,
				CCC2AD601D539C2100740559 /* StartScreenUITests */,
				CCC2AD3F1D539C2100740559 /* Products */,
			);
			sourceTree = "<group>";
		};
		CCC2AD3F1D539C2100740559 /* Products */ = {
			isa = PBXGroup;
			children = (
				CCC2AD3E1D539C2100740559 /* StartScreen.app */,
				CCC2AD521D539C2100740559 /* StartScreenTests.xctest */,
				CCC2AD5D1D539C2100740559 /* StartScreenUITests.xctest */,
			);
			name = Products;
			sourceTree = "<group>";
		};
		CCC2AD401D539C2100740559 /* StartScreen */ = {
			isa = PBXGroup;
			children = (
				CCC2AD411D539C2100740559 /* AppDelegate.swift */,
				CCC2AD431D539C2100740559 /* ViewController.swift */,
				CCC2AD451D539C2100740559 /* Main.storyboard */,
				CCC2AD481D539C2100740559 /* Assets.xcassets */,
				CCC2AD4D1D539C2100740559 /* Info.plist */,
			);
			path = StartScreen;
			sourceTree = "<group>";
		};
		CCC2AD551D539C2100740559 /* StartScreenTests */ = {
			isa = PBXGroup;
			children = (
				CCC2AD561D539C2100740559 /* StartScreenTests.swift */,
				CCC2AD581D539C2100740559 /* Info.plist */,
			);
			path = StartScreenTests;
			sourceTree = "<group>";
		};
		CCC2AD601D539C2100740559 /* StartScreenUITests */ = {
			isa = PBXGroup;
			children = (
				CCC2AD611D539C2100740559 /* StartScreenUITests.swift */,
				CCC2AD631D539C2100740559 /* Info.plist */,
			);
			path = StartScreenUITests;
			sourceTree = "<group>";
		};
/* End PBXGroup section */

/* Begin PBXNativeTarget section */
		CCC2AD3D1D539C2100740559 /* StartScreen */ = {
			isa = PBXNativeTarget;
			buildConfigurationList = CCC2AD661D539C2100740559 /* Build configuration list for PBXNativeTarget "StartScreen" */;
			buildPhases = (
				CCC2AD3A1D539C2100740559 /* Sources */,
				CCC2AD3B1D539C2100740559 /* Frameworks */,
				CCC2AD3C1D539C2100740559 /* Resources */,
			);
			buildRules = (
			);
			dependencies = (
			);
			name = StartScreen;
			productName = StartScreen;
			productReference = CCC2AD3E1D539C2100740559 /* StartScreen.app */;
			productType = "com.apple.product-type.application";
		};
		CCC2AD511D539C2100740559 /* StartScreenTests */ = {
			isa = PBXNativeTarget;
			buildConfigurationList = CCC2AD691D539C2100740559 /* Build configuration list for PBXNativeTarget "StartScreenTests" */;
			buildPhases = (
				CCC2AD4E1D539C2100740559 /* Sources */,
				CCC2AD4F1D539C2100740559 /* Frameworks */,
				CCC2AD501D539C2100740559 /* Resources */,
			);
			buildRules = (
			);
			dependencies = (
				CCC2AD541D539C2100740559 /* PBXTargetDependency */,
			);
			name = StartScreenTests;
			productName = StartScreenTests;
			productReference = CCC2AD521D539C2100740559 /* StartScreenTests.xctest */;
			productType = "com.apple.product-type.bundle.unit-test";
		};
		CCC2AD5C1D539C2100740559 /* StartScreenUITests */ = {
			isa = PBXNativeTarget;
			buildConfigurationList = CCC2AD6C1D539C2100740559 /* Build configuration list for PBXNativeTarget "StartScreenUITests" */;
			buildPhases = (
				CCC2AD591D539C2100740559 /* Sources */,
				CCC2AD5A1D539C2100740559 /* Frameworks */,
				CCC2AD5B1D539C2100740559 /* Resources */,
			);
			buildRules = (
			);
			dependencies = (
				CCC2AD5F1D539C2100740559 /* PBXTargetDependency */,
			);
			name = StartScreenUITests;
			productName = StartScreenUITests;
			productReference = CCC2AD5D1D539C2100740559 /* StartScreenUITests.xctest */;
			productType = "com.apple.product-type.bundle.ui-testing";
		};
/* End PBXNativeTarget section */

/* Begin PBXProject section */
		CCC2AD361D539C2100740559 /* Project object */ = {
			isa = PBXProject;
			attributes = {
				LastSwiftUpdateCheck = 0730;
				LastUpgradeCheck = 0730;
				ORGANIZATIONNAME = "Girls Who Code";
				TargetAttributes = {
					CCC2AD3D1D539C2100740559 = {
						CreatedOnToolsVersion = 7.3.1;
					};
					CCC2AD511D539C2100740559 = {
						CreatedOnToolsVersion = 7.3.1;
						TestTargetID = CCC2AD3D1D539C2100740559;
					};
					CCC2AD5C1D539C2100740559 = {
						CreatedOnToolsVersion = 7.3.1;
						TestTargetID = CCC2AD3D1D539C2100740559;
					};
				};
			};
			buildConfigurationList = CCC2AD391D539C2100740559 /* Build configuration list for PBXProject "StartScreen" */;
			compatibilityVersion = "Xcode 3.2";
			developmentRegion = English;
			hasScannedForEncodings = 0;
			knownRegions = (
				en,
				Base,
			);
			mainGroup = CCC2AD351D539C2100740559;
			productRefGroup = CCC2AD3F1D539C2100740559 /* Products */;
			projectDirPath = "";
			projectRoot = "";
			targets = (
				CCC2AD3D1D539C2100740559 /* StartScreen */,
				CCC2AD511D539C2100740559 /* StartScreenTests */,
				CCC2AD5C1D539C2100740559 /* StartScreenUITests */,
			);
		};
/* End PBXProject section */

/* Begin PBXResourcesBuildPhase section */
		CCC2AD3C1D539C2100740559 /* Resources */ = {
			isa = PBXResourcesBuildPhase;
			buildActionMask = 2147483647;
			files = (
				CCC2AD491D539C2100740559 /* Assets.xcassets in Resources */,
				CCC2AD471D539C2100740559 /* Main.storyboard in Resources */,
			);
			runOnlyForDeploymentPostprocessing = 0;
		};
		CCC2AD501D539C2100740559 /* Resources */ = {
			isa = PBXResourcesBuildPhase;
			buildActionMask = 2147483647;
			files = (
			);
			runOnlyForDeploymentPostprocessing = 0;
		};
		CCC2AD5B1D539C2100740559 /* Resources */ = {
			isa = PBXResourcesBuildPhase;
			buildActionMask = 2147483647;
			files = (
			);
			runOnlyForDeploymentPostprocessing = 0;
		};
/* End PBXResourcesBuildPhase section */

/* Begin PBXSourcesBuildPhase section */
		CCC2AD3A1D539C2100740559 /* Sources */ = {
			isa = PBXSourcesBuildPhase;
			buildActionMask = 2147483647;
			files = (
				CCC2AD441D539C2100740559 /* ViewController.swift in Sources */,
				CCC2AD421D539C2100740559 /* AppDelegate.swift in Sources */,
			);
			runOnlyForDeploymentPostprocessing = 0;
		};
		CCC2AD4E1D539C2100740559 /* Sources */ = {
			isa = PBXSourcesBuildPhase;
			buildActionMask = 2147483647;
			files = (
				CCC2AD571D539C2100740559 /* StartScreenTests.swift in Sources */,
			);
			runOnlyForDeploymentPostprocessing = 0;
		};
		CCC2AD591D539C2100740559 /* Sources */ = {
			isa = PBXSourcesBuildPhase;
			buildActionMask = 2147483647;
			files = (
				CCC2AD621D539C2100740559 /* StartScreenUITests.swift in Sources */,
			);
			runOnlyForDeploymentPostprocessing = 0;
		};
/* End PBXSourcesBuildPhase section */

/* Begin PBXTargetDependency section */
		CCC2AD541D539C2100740559 /* PBXTargetDependency */ = {
			isa = PBXTargetDependency;
			target = CCC2AD3D1D539C2100740559 /* StartScreen */;
			targetProxy = CCC2AD531D539C2100740559 /* PBXContainerItemProxy */;
		};
		CCC2AD5F1D539C2100740559 /* PBXTargetDependency */ = {
			isa = PBXTargetDependency;
			target = CCC2AD3D1D539C2100740559 /* StartScreen */;
			targetProxy = CCC2AD5E1D539C2100740559 /* PBXContainerItemProxy */;
		};
/* End PBXTargetDependency section */

/* Begin PBXVariantGroup section */
		CCC2AD451D539C2100740559 /* Main.storyboard */ = {
			isa = PBXVariantGroup;
			children = (
				CCC2AD461D539C2100740559 /* Base */,
			);
			name = Main.storyboard;
			sourceTree = "<group>";
		};
/* End PBXVariantGroup section */

/* Begin XCBuildConfiguration section */
		CCC2AD641D539C2100740559 /* Debug */ = {
			isa = XCBuildConfiguration;
			buildSettings = {
				ALWAYS_SEARCH_USER_PATHS = NO;
				CLANG_ANALYZER_NONNULL = YES;
				CLANG_CXX_LANGUAGE_STANDARD = "gnu++0x";
				CLANG_CXX_LIBRARY = "libc++";
				CLANG_ENABLE_MODULES = YES;
				CLANG_ENABLE_OBJC_ARC = YES;
				CLANG_WARN_BOOL_CONVERSION = YES;
				CLANG_WARN_CONSTANT_CONVERSION = YES;
				CLANG_WARN_DIRECT_OBJC_ISA_USAGE = YES_ERROR;
				CLANG_WARN_EMPTY_BODY = YES;
				CLANG_WARN_ENUM_CONVERSION = YES;
				CLANG_WARN_INT_CONVERSION = YES;
				CLANG_WARN_OBJC_ROOT_CLASS = YES_ERROR;
				CLANG_WARN_UNREACHABLE_CODE = YES;
				CLANG_WARN__DUPLICATE_METHOD_MATCH = YES;
				"CODE_SIGN_IDENTITY[sdk=iphoneos*]" = "iPhone Developer";
				COPY_PHASE_STRIP = NO;
				DEBUG_INFORMATION_FORMAT = dwarf;
				ENABLE_STRICT_OBJC_MSGSEND = YES;
				ENABLE_TESTABILITY = YES;
				GCC_C_LANGUAGE_STANDARD = gnu99;
				GCC_DYNAMIC_NO_PIC = NO;
				GCC_NO_COMMON_BLOCKS = YES;
				GCC_OPTIMIZATION_LEVEL = 0;
				GCC_PREPROCESSOR_DEFINITIONS = (
					"DEBUG=1",
					"$(inherited)",
				);
				GCC_WARN_64_TO_32_BIT_CONVERSION = YES;
				GCC_WARN_ABOUT_RETURN_TYPE = YES_ERROR;
				GCC_WARN_UNDECLARED_SELECTOR = YES;
				GCC_WARN_UNINITIALIZED_AUTOS = YES_AGGRESSIVE;
				GCC_WARN_UNUSED_FUNCTION = YES;
				GCC_WARN_UNUSED_VARIABLE = YES;
				IPHONEOS_DEPLOYMENT_TARGET = 9.3;
				MTL_ENABLE_DEBUG_INFO = YES;
				ONLY_ACTIVE_ARCH = YES;
				SDKROOT = iphoneos;
				SWIFT_OPTIMIZATION_LEVEL = "-Onone";
				TARGETED_DEVICE_FAMILY = "1,2";
			};
			name = Debug;
		};
		CCC2AD651D539C2100740559 /* Release */ = {
			isa = XCBuildConfiguration;
			buildSettings = {
				ALWAYS_SEARCH_USER_PATHS = NO;
				CLANG_ANALYZER_NONNULL = YES;
				CLANG_CXX_LANGUAGE_STANDARD = "gnu++0x";
				CLANG_CXX_LIBRARY = "libc++";
				CLANG_ENABLE_MODULES = YES;
				CLANG_ENABLE_OBJC_ARC = YES;
				CLANG_WARN_BOOL_CONVERSION = YES;
				CLANG_WARN_CONSTANT_CONVERSION = YES;
				CLANG_WARN_DIRECT_OBJC_ISA_USAGE = YES_ERROR;
				CLANG_WARN_EMPTY_BODY = YES;
				CLANG_WARN_ENUM_CONVERSION = YES;
				CLANG_WARN_INT_CONVERSION = YES;
				CLANG_WARN_OBJC_ROOT_CLASS = YES_ERROR;
				CLANG_WARN_UNREACHABLE_CODE = YES;
				CLANG_WARN__DUPLICATE_METHOD_MATCH = YES;
				"CODE_SIGN_IDENTITY[sdk=iphoneos*]" = "iPhone Developer";
				COPY_PHASE_STRIP = NO;
				DEBUG_INFORMATION_FORMAT = "dwarf-with-dsym";
				ENABLE_NS_ASSERTIONS = NO;
				ENABLE_STRICT_OBJC_MSGSEND = YES;
				GCC_C_LANGUAGE_STANDARD = gnu99;
				GCC_NO_COMMON_BLOCKS = YES;
				GCC_WARN_64_TO_32_BIT_CONVERSION = YES;
				GCC_WARN_ABOUT_RETURN_TYPE = YES_ERROR;
				GCC_WARN_UNDECLARED_SELECTOR = YES;
				GCC_WARN_UNINITIALIZED_AUTOS = YES_AGGRESSIVE;
				GCC_WARN_UNUSED_FUNCTION = YES;
				GCC_WARN_UNUSED_VARIABLE = YES;
				IPHONEOS_DEPLOYMENT_TARGET = 9.3;
				MTL_ENABLE_DEBUG_INFO = NO;
				SDKROOT = iphoneos;
				TARGETED_DEVICE_FAMILY = "1,2";
				VALIDATE_PRODUCT = YES;
			};
			name = Release;
		};
		CCC2AD671D539C2100740559 /* Debug */ = {
			isa = XCBuildConfiguration;
			buildSettings = {
				ASSETCATALOG_COMPILER_APPICON_NAME = AppIcon;
				INFOPLIST_FILE = StartScreen/Info.plist;
				LD_RUNPATH_SEARCH_PATHS = "$(inherited) @executable_path/Frameworks";
				PRODUCT_BUNDLE_IDENTIFIER = Roardash.StartScreen;
				PRODUCT_NAME = "$(TARGET_NAME)";
			};
			name = Debug;
		};
		CCC2AD681D539C2100740559 /* Release */ = {
			isa = XCBuildConfiguration;
			buildSettings = {
				ASSETCATALOG_COMPILER_APPICON_NAME = AppIcon;
				INFOPLIST_FILE = StartScreen/Info.plist;
				LD_RUNPATH_SEARCH_PATHS = "$(inherited) @executable_path/Frameworks";
				PRODUCT_BUNDLE_IDENTIFIER = Roardash.StartScreen;
				PRODUCT_NAME = "$(TARGET_NAME)";
			};
			name = Release;
		};
		CCC2AD6A1D539C2100740559 /* Debug */ = {
			isa = XCBuildConfiguration;
			buildSettings = {
				BUNDLE_LOADER = "$(TEST_HOST)";
				INFOPLIST_FILE = StartScreenTests/Info.plist;
				LD_RUNPATH_SEARCH_PATHS = "$(inherited) @executable_path/Frameworks @loader_path/Frameworks";
				PRODUCT_BUNDLE_IDENTIFIER = Roardash.StartScreenTests;
				PRODUCT_NAME = "$(TARGET_NAME)";
				TEST_HOST = "$(BUILT_PRODUCTS_DIR)/StartScreen.app/StartScreen";
			};
			name = Debug;
		};
		CCC2AD6B1D539C2100740559 /* Release */ = {
			isa = XCBuildConfiguration;
			buildSettings = {
				BUNDLE_LOADER = "$(TEST_HOST)";
				INFOPLIST_FILE = StartScreenTests/Info.plist;
				LD_RUNPATH_SEARCH_PATHS = "$(inherited) @executable_path/Frameworks @loader_path/Frameworks";
				PRODUCT_BUNDLE_IDENTIFIER = Roardash.StartScreenTests;
				PRODUCT_NAME = "$(TARGET_NAME)";
				TEST_HOST = "$(BUILT_PRODUCTS_DIR)/StartScreen.app/StartScreen";
			};
			name = Release;
		};
		CCC2AD6D1D539C2100740559 /* Debug */ = {
			isa = XCBuildConfiguration;
			buildSettings = {
				INFOPLIST_FILE = StartScreenUITests/Info.plist;
				LD_RUNPATH_SEARCH_PATHS = "$(inherited) @executable_path/Frameworks @loader_path/Frameworks";
				PRODUCT_BUNDLE_IDENTIFIER = Roardash.StartScreenUITests;
				PRODUCT_NAME = "$(TARGET_NAME)";
				TEST_TARGET_NAME = StartScreen;
			};
			name = Debug;
		};
		CCC2AD6E1D539C2100740559 /* Release */ = {
			isa = XCBuildConfiguration;
			buildSettings = {
				INFOPLIST_FILE = StartScreenUITests/Info.plist;
				LD_RUNPATH_SEARCH_PATHS = "$(inherited) @executable_path/Frameworks @loader_path/Frameworks";
				PRODUCT_BUNDLE_IDENTIFIER = Roardash.StartScreenUITests;
				PRODUCT_NAME = "$(TARGET_NAME)";
				TEST_TARGET_NAME = StartScreen;
			};
			name = Release;
		};
/* End XCBuildConfiguration section */

/* Begin XCConfigurationList section */
		CCC2AD391D539C2100740559 /* Build configuration list for PBXProject "StartScreen" */ = {
			isa = XCConfigurationList;
			buildConfigurations = (
				CCC2AD641D539C2100740559 /* Debug */,
				CCC2AD651D539C2100740559 /* Release */,
			);
			defaultConfigurationIsVisible = 0;
			defaultConfigurationName = Release;
		};
		CCC2AD661D539C2100740559 /* Build configuration list for PBXNativeTarget "StartScreen" */ = {
			isa = XCConfigurationList;
			buildConfigurations = (
				CCC2AD671D539C2100740559 /* Debug */,
				CCC2AD681D539C2100740559 /* Release */,
			);
			defaultConfigurationIsVisible = 0;
		};
		CCC2AD691D539C2100740559 /* Build configuration list for PBXNativeTarget "StartScreenTests" */ = {
			isa = XCConfigurationList;
			buildConfigurations = (
				CCC2AD6A1D539C2100740559 /* Debug */,
				CCC2AD6B1D539C2100740559 /* Release */,
			);
			defaultConfigurationIsVisible = 0;
		};
		CCC2AD6C1D539C2100740559 /* Build configuration list for PBXNativeTarget "StartScreenUITests" */ = {
			isa = XCConfigurationList;
			buildConfigurations = (
				CCC2AD6D1D539C2100740559 /* Debug */,
				CCC2AD6E1D539C2100740559 /* Release */,
			);
			defaultConfigurationIsVisible = 0;
		};
/* End XCConfigurationList section */
	};
	rootObject = CCC2AD361D539C2100740559 /* Project object */;
}
